// !$*UTF8*$!
{
	archiveVersion = 1;
	classes = {
	};
	objectVersion = 46;
	objects = {

/* Begin PBXBuildFile section */
		26A441CD15A8219C00488EF1 /* NanbeigeMainCell.m in Sources */ = {isa = PBXBuildFile; fileRef = 26A441CC15A8219C00488EF1 /* NanbeigeMainCell.m */; };
		26A4421815A951CC00488EF1 /* NanbeigeItsViewController.m in Sources */ = {isa = PBXBuildFile; fileRef = 26A4421715A951CC00488EF1 /* NanbeigeItsViewController.m */; };
		26A4422215A97F5900488EF1 /* NanbeigeSettingsViewController.m in Sources */ = {isa = PBXBuildFile; fileRef = 26A4422115A97F5900488EF1 /* NanbeigeSettingsViewController.m */; };
		26F5BCD915A7FE820098879E /* UIKit.framework in Frameworks */ = {isa = PBXBuildFile; fileRef = 26F5BCD815A7FE820098879E /* UIKit.framework */; };
		26F5BCDB15A7FE820098879E /* Foundation.framework in Frameworks */ = {isa = PBXBuildFile; fileRef = 26F5BCDA15A7FE820098879E /* Foundation.framework */; };
		26F5BCDD15A7FE820098879E /* CoreGraphics.framework in Frameworks */ = {isa = PBXBuildFile; fileRef = 26F5BCDC15A7FE820098879E /* CoreGraphics.framework */; };
		26F5BCE315A7FE820098879E /* InfoPlist.strings in Resources */ = {isa = PBXBuildFile; fileRef = 26F5BCE115A7FE820098879E /* InfoPlist.strings */; };
		26F5BCE515A7FE820098879E /* main.m in Sources */ = {isa = PBXBuildFile; fileRef = 26F5BCE415A7FE820098879E /* main.m */; };
		26F5BCE915A7FE820098879E /* NanbeigeAppDelegate.m in Sources */ = {isa = PBXBuildFile; fileRef = 26F5BCE815A7FE820098879E /* NanbeigeAppDelegate.m */; };
		26F5BCEC15A7FE820098879E /* MainStoryboard_iPhone.storyboard in Resources */ = {isa = PBXBuildFile; fileRef = 26F5BCEA15A7FE820098879E /* MainStoryboard_iPhone.storyboard */; };
		26F5BCEF15A7FE820098879E /* MainStoryboard_iPad.storyboard in Resources */ = {isa = PBXBuildFile; fileRef = 26F5BCED15A7FE820098879E /* MainStoryboard_iPad.storyboard */; };
		26F5BD0815A802050098879E /* NanbeigeStreamViewController.m in Sources */ = {isa = PBXBuildFile; fileRef = 26F5BD0715A802050098879E /* NanbeigeStreamViewController.m */; };
		26F5BD0B15A8021A0098879E /* NanbeigeMainViewController.m in Sources */ = {isa = PBXBuildFile; fileRef = 26F5BD0A15A802190098879E /* NanbeigeMainViewController.m */; };
		26F5BDA115A80AB60098879E /* 179-notepad.png in Resources */ = {isa = PBXBuildFile; fileRef = 26F5BD0D15A80AB60098879E /* 179-notepad.png */; };
		26F5BDA215A80AB60098879E /* 179-notepad@2x.png in Resources */ = {isa = PBXBuildFile; fileRef = 26F5BD0E15A80AB60098879E /* 179-notepad@2x.png */; };
		26F5BDA315A80AB60098879E /* 180-stickynote.png in Resources */ = {isa = PBXBuildFile; fileRef = 26F5BD0F15A80AB60098879E /* 180-stickynote.png */; };
		26F5BDA415A80AB60098879E /* 180-stickynote@2x.png in Resources */ = {isa = PBXBuildFile; fileRef = 26F5BD1015A80AB60098879E /* 180-stickynote@2x.png */; };
		26F5BDA515A80AB60098879E /* 24-person.png in Resources */ = {isa = PBXBuildFile; fileRef = 26F5BD1115A80AB60098879E /* 24-person.png */; };
		26F5BDA615A80AB60098879E /* 24-person@2x.png in Resources */ = {isa = PBXBuildFile; fileRef = 26F5BD1215A80AB60098879E /* 24-person@2x.png */; };
		26F5BDA715A80AB60098879E /* 256-box2.png in Resources */ = {isa = PBXBuildFile; fileRef = 26F5BD1315A80AB60098879E /* 256-box2.png */; };
		26F5BDA815A80AB60098879E /* 256-box2@2x.png in Resources */ = {isa = PBXBuildFile; fileRef = 26F5BD1415A80AB60098879E /* 256-box2@2x.png */; };
		26F5BDA915A80AB60098879E /* 265-download.png in Resources */ = {isa = PBXBuildFile; fileRef = 26F5BD1515A80AB60098879E /* 265-download.png */; };
		26F5BDAA15A80AB60098879E /* 265-download@2x.png in Resources */ = {isa = PBXBuildFile; fileRef = 26F5BD1615A80AB60098879E /* 265-download@2x.png */; };
		26F5BDAB15A80AB60098879E /* 37x-Checkmark.png in Resources */ = {isa = PBXBuildFile; fileRef = 26F5BD1715A80AB60098879E /* 37x-Checkmark.png */; };
		26F5BDAC15A80AB60098879E /* 38-house.png in Resources */ = {isa = PBXBuildFile; fileRef = 26F5BD1815A80AB60098879E /* 38-house.png */; };
		26F5BDAD15A80AB60098879E /* 38-house@2x.png in Resources */ = {isa = PBXBuildFile; fileRef = 26F5BD1915A80AB60098879E /* 38-house@2x.png */; };
		26F5BDAE15A80AB60098879E /* 96-book.png in Resources */ = {isa = PBXBuildFile; fileRef = 26F5BD1A15A80AB60098879E /* 96-book.png */; };
		26F5BDAF15A80AB60098879E /* 96-book@2x.png in Resources */ = {isa = PBXBuildFile; fileRef = 26F5BD1B15A80AB60098879E /* 96-book@2x.png */; };
		26F5BDB015A80AB60098879E /* assignment.png in Resources */ = {isa = PBXBuildFile; fileRef = 26F5BD1C15A80AB60098879E /* assignment.png */; };
		26F5BDB115A80AB60098879E /* assignment@2x.png in Resources */ = {isa = PBXBuildFile; fileRef = 26F5BD1D15A80AB60098879E /* assignment@2x.png */; };
		26F5BDB215A80AB60098879E /* BarButton-bg-plain.png in Resources */ = {isa = PBXBuildFile; fileRef = 26F5BD1E15A80AB60098879E /* BarButton-bg-plain.png */; };
		26F5BDB315A80AB60098879E /* btn-back-normal.png in Resources */ = {isa = PBXBuildFile; fileRef = 26F5BD1F15A80AB60098879E /* btn-back-normal.png */; };
		26F5BDB415A80AB60098879E /* btn-back-normal@2x.png in Resources */ = {isa = PBXBuildFile; fileRef = 26F5BD2015A80AB60098879E /* btn-back-normal@2x.png */; };
		26F5BDB515A80AB60098879E /* btn-back-pressed.png in Resources */ = {isa = PBXBuildFile; fileRef = 26F5BD2115A80AB60098879E /* btn-back-pressed.png */; };
		26F5BDB615A80AB60098879E /* btn-back-pressed@2x.png in Resources */ = {isa = PBXBuildFile; fileRef = 26F5BD2215A80AB60098879E /* btn-back-pressed@2x.png */; };
		26F5BDB715A80AB60098879E /* btn-blue-normal.png in Resources */ = {isa = PBXBuildFile; fileRef = 26F5BD2315A80AB60098879E /* btn-blue-normal.png */; };
		26F5BDB815A80AB60098879E /* btn-blue-normal@2x.png in Resources */ = {isa = PBXBuildFile; fileRef = 26F5BD2415A80AB60098879E /* btn-blue-normal@2x.png */; };
		26F5BDB915A80AB60098879E /* btn-blue-pressed.png in Resources */ = {isa = PBXBuildFile; fileRef = 26F5BD2515A80AB60098879E /* btn-blue-pressed.png */; };
		26F5BDBA15A80AB60098879E /* btn-blue-pressed@2x.png in Resources */ = {isa = PBXBuildFile; fileRef = 26F5BD2615A80AB60098879E /* btn-blue-pressed@2x.png */; };
		26F5BDBB15A80AB60098879E /* btn-its-1-highlighted.png in Resources */ = {isa = PBXBuildFile; fileRef = 26F5BD2715A80AB60098879E /* btn-its-1-highlighted.png */; };
		26F5BDBC15A80AB60098879E /* btn-its-1-highlighted@2x.png in Resources */ = {isa = PBXBuildFile; fileRef = 26F5BD2815A80AB60098879E /* btn-its-1-highlighted@2x.png */; };
		26F5BDBD15A80AB60098879E /* btn-its-1-normal.png in Resources */ = {isa = PBXBuildFile; fileRef = 26F5BD2915A80AB60098879E /* btn-its-1-normal.png */; };
		26F5BDBE15A80AB60098879E /* btn-its-1-normal@2x.png in Resources */ = {isa = PBXBuildFile; fileRef = 26F5BD2A15A80AB60098879E /* btn-its-1-normal@2x.png */; };
		26F5BDBF15A80AB60098879E /* btn-its-2-highlighted.png in Resources */ = {isa = PBXBuildFile; fileRef = 26F5BD2B15A80AB60098879E /* btn-its-2-highlighted.png */; };
		26F5BDC015A80AB60098879E /* btn-its-2-highlighted@2x.png in Resources */ = {isa = PBXBuildFile; fileRef = 26F5BD2C15A80AB60098879E /* btn-its-2-highlighted@2x.png */; };
		26F5BDC115A80AB60098879E /* btn-its-2-normal.png in Resources */ = {isa = PBXBuildFile; fileRef = 26F5BD2D15A80AB60098879E /* btn-its-2-normal.png */; };
		26F5BDC215A80AB60098879E /* btn-its-2-normal@2x.png in Resources */ = {isa = PBXBuildFile; fileRef = 26F5BD2E15A80AB60098879E /* btn-its-2-normal@2x.png */; };
		26F5BDC315A80AB60098879E /* btn-its-3-highlighted.png in Resources */ = {isa = PBXBuildFile; fileRef = 26F5BD2F15A80AB60098879E /* btn-its-3-highlighted.png */; };
		26F5BDC415A80AB60098879E /* btn-its-3-highlighted@2x.png in Resources */ = {isa = PBXBuildFile; fileRef = 26F5BD3015A80AB60098879E /* btn-its-3-highlighted@2x.png */; };
		26F5BDC515A80AB60098879E /* btn-its-3-normal.png in Resources */ = {isa = PBXBuildFile; fileRef = 26F5BD3115A80AB60098879E /* btn-its-3-normal.png */; };
		26F5BDC615A80AB60098879E /* btn-its-3-normal@2x.png in Resources */ = {isa = PBXBuildFile; fileRef = 26F5BD3215A80AB60098879E /* btn-its-3-normal@2x.png */; };
		26F5BDC715A80AB60098879E /* btn-normal.png in Resources */ = {isa = PBXBuildFile; fileRef = 26F5BD3315A80AB60098879E /* btn-normal.png */; };
		26F5BDC815A80AB60098879E /* btn-normal@2x.png in Resources */ = {isa = PBXBuildFile; fileRef = 26F5BD3415A80AB60098879E /* btn-normal@2x.png */; };
		26F5BDC915A80AB60098879E /* btn-pressed.png in Resources */ = {isa = PBXBuildFile; fileRef = 26F5BD3515A80AB60098879E /* btn-pressed.png */; };
		26F5BDCA15A80AB60098879E /* btn-pressed@2x.png in Resources */ = {isa = PBXBuildFile; fileRef = 26F5BD3615A80AB60098879E /* btn-pressed@2x.png */; };
		26F5BDCB15A80AB60098879E /* btn-segmented-divider.png in Resources */ = {isa = PBXBuildFile; fileRef = 26F5BD3715A80AB60098879E /* btn-segmented-divider.png */; };
		26F5BDCC15A80AB60098879E /* btn-segmented-divider@2x.png in Resources */ = {isa = PBXBuildFile; fileRef = 26F5BD3815A80AB60098879E /* btn-segmented-divider@2x.png */; };
		26F5BDCD15A80AB60098879E /* button-1.png in Resources */ = {isa = PBXBuildFile; fileRef = 26F5BD3915A80AB60098879E /* button-1.png */; };
		26F5BDCE15A80AB60098879E /* button-1@2x.png in Resources */ = {isa = PBXBuildFile; fileRef = 26F5BD3A15A80AB60098879E /* button-1@2x.png */; };
		26F5BDCF15A80AB60098879E /* button-2.png in Resources */ = {isa = PBXBuildFile; fileRef = 26F5BD3B15A80AB60098879E /* button-2.png */; };
		26F5BDD015A80AB60098879E /* button-2@2x.png in Resources */ = {isa = PBXBuildFile; fileRef = 26F5BD3C15A80AB60098879E /* button-2@2x.png */; };
		26F5BDD115A80AB60098879E /* button-3.png in Resources */ = {isa = PBXBuildFile; fileRef = 26F5BD3D15A80AB60098879E /* button-3.png */; };
		26F5BDD215A80AB60098879E /* button-3@2x.png in Resources */ = {isa = PBXBuildFile; fileRef = 26F5BD3E15A80AB60098879E /* button-3@2x.png */; };
		26F5BDD315A80AB60098879E /* calendar-list-bg.png in Resources */ = {isa = PBXBuildFile; fileRef = 26F5BD3F15A80AB60098879E /* calendar-list-bg.png */; };
		26F5BDD415A80AB60098879E /* calendar-list-bg@2x.png in Resources */ = {isa = PBXBuildFile; fileRef = 26F5BD4015A80AB60098879E /* calendar-list-bg@2x.png */; };
		26F5BDD515A80AB60098879E /* calendar.png in Resources */ = {isa = PBXBuildFile; fileRef = 26F5BD4115A80AB60098879E /* calendar.png */; };
		26F5BDD615A80AB60098879E /* calendar@2x.png in Resources */ = {isa = PBXBuildFile; fileRef = 26F5BD4215A80AB60098879E /* calendar@2x.png */; };
		26F5BDD715A80AB60098879E /* courses.png in Resources */ = {isa = PBXBuildFile; fileRef = 26F5BD4315A80AB60098879E /* courses.png */; };
		26F5BDD815A80AB60098879E /* courses@2x.png in Resources */ = {isa = PBXBuildFile; fileRef = 26F5BD4415A80AB60098879E /* courses@2x.png */; };
		26F5BDD915A80AB60098879E /* current-bg.png in Resources */ = {isa = PBXBuildFile; fileRef = 26F5BD4515A80AB60098879E /* current-bg.png */; };
		26F5BDDA15A80AB60098879E /* current-bg@2x.png in Resources */ = {isa = PBXBuildFile; fileRef = 26F5BD4615A80AB60098879E /* current-bg@2x.png */; };
		26F5BDDB15A80AB60098879E /* datebar-arrow-left-normal.png in Resources */ = {isa = PBXBuildFile; fileRef = 26F5BD4715A80AB60098879E /* datebar-arrow-left-normal.png */; };
		26F5BDDC15A80AB60098879E /* datebar-arrow-left-normal@2x.png in Resources */ = {isa = PBXBuildFile; fileRef = 26F5BD4815A80AB60098879E /* datebar-arrow-left-normal@2x.png */; };
		26F5BDDD15A80AB60098879E /* datebar-arrow-left-pressed.png in Resources */ = {isa = PBXBuildFile; fileRef = 26F5BD4915A80AB60098879E /* datebar-arrow-left-pressed.png */; };
		26F5BDDE15A80AB60098879E /* datebar-arrow-left-pressed@2x.png in Resources */ = {isa = PBXBuildFile; fileRef = 26F5BD4A15A80AB60098879E /* datebar-arrow-left-pressed@2x.png */; };
		26F5BDDF15A80AB60098879E /* datebar-arrow-right-normal.png in Resources */ = {isa = PBXBuildFile; fileRef = 26F5BD4B15A80AB60098879E /* datebar-arrow-right-normal.png */; };
		26F5BDE015A80AB60098879E /* datebar-arrow-right-normal@2x.png in Resources */ = {isa = PBXBuildFile; fileRef = 26F5BD4C15A80AB60098879E /* datebar-arrow-right-normal@2x.png */; };
		26F5BDE115A80AB60098879E /* datebar-arrow-right-pressed.png in Resources */ = {isa = PBXBuildFile; fileRef = 26F5BD4D15A80AB60098879E /* datebar-arrow-right-pressed.png */; };
		26F5BDE215A80AB60098879E /* datebar-arrow-right-pressed@2x.png in Resources */ = {isa = PBXBuildFile; fileRef = 26F5BD4E15A80AB60098879E /* datebar-arrow-right-pressed@2x.png */; };
		26F5BDE315A80AB60098879E /* datebar.png in Resources */ = {isa = PBXBuildFile; fileRef = 26F5BD4F15A80AB60098879E /* datebar.png */; };
		26F5BDE415A80AB60098879E /* datebar@2x.png in Resources */ = {isa = PBXBuildFile; fileRef = 26F5BD5015A80AB60098879E /* datebar@2x.png */; };
		26F5BDE515A80AB60098879E /* Default.png in Resources */ = {isa = PBXBuildFile; fileRef = 26F5BD5115A80AB60098879E /* Default.png */; };
		26F5BDE615A80AB60098879E /* Default@2x.png in Resources */ = {isa = PBXBuildFile; fileRef = 26F5BD5215A80AB60098879E /* Default@2x.png */; };
		26F5BDE715A80AB60098879E /* disclosure-indicator.png in Resources */ = {isa = PBXBuildFile; fileRef = 26F5BD5315A80AB60098879E /* disclosure-indicator.png */; };
		26F5BDE815A80AB60098879E /* disclosure-indicator@2x.png in Resources */ = {isa = PBXBuildFile; fileRef = 26F5BD5415A80AB60098879E /* disclosure-indicator@2x.png */; };
		26F5BDE915A80AB60098879E /* discuss.png in Resources */ = {isa = PBXBuildFile; fileRef = 26F5BD5515A80AB60098879E /* discuss.png */; };
		26F5BDEA15A80AB60098879E /* discuss@2x.png in Resources */ = {isa = PBXBuildFile; fileRef = 26F5BD5615A80AB60098879E /* discuss@2x.png */; };
		26F5BDEB15A80AB60098879E /* feedback.png in Resources */ = {isa = PBXBuildFile; fileRef = 26F5BD5715A80AB60098879E /* feedback.png */; };
		26F5BDEC15A80AB60098879E /* feedback@2x.png in Resources */ = {isa = PBXBuildFile; fileRef = 26F5BD5815A80AB60098879E /* feedback@2x.png */; };
		26F5BDED15A80AB60098879E /* free-rooms-filter-bar-bg.png in Resources */ = {isa = PBXBuildFile; fileRef = 26F5BD5915A80AB60098879E /* free-rooms-filter-bar-bg.png */; };
		26F5BDEE15A80AB60098879E /* free-rooms-filter-bar-bg@2x.png in Resources */ = {isa = PBXBuildFile; fileRef = 26F5BD5A15A80AB60098879E /* free-rooms-filter-bar-bg@2x.png */; };
		26F5BDEF15A80AB60098879E /* free-rooms-filter-bar-checkmark.png in Resources */ = {isa = PBXBuildFile; fileRef = 26F5BD5B15A80AB60098879E /* free-rooms-filter-bar-checkmark.png */; };
		26F5BDF015A80AB60098879E /* free-rooms-filter-bar-checkmark@2x.png in Resources */ = {isa = PBXBuildFile; fileRef = 26F5BD5C15A80AB60098879E /* free-rooms-filter-bar-checkmark@2x.png */; };
		26F5BDF115A80AB60098879E /* free-rooms-free-regular.png in Resources */ = {isa = PBXBuildFile; fileRef = 26F5BD5D15A80AB60098879E /* free-rooms-free-regular.png */; };
		26F5BDF215A80AB60098879E /* free-rooms-free-regular@2x.png in Resources */ = {isa = PBXBuildFile; fileRef = 26F5BD5E15A80AB60098879E /* free-rooms-free-regular@2x.png */; };
		26F5BDF315A80AB60098879E /* free-rooms-free-small.png in Resources */ = {isa = PBXBuildFile; fileRef = 26F5BD5F15A80AB60098879E /* free-rooms-free-small.png */; };
		26F5BDF415A80AB60098879E /* free-rooms-free-small@2.png in Resources */ = {isa = PBXBuildFile; fileRef = 26F5BD6015A80AB60098879E /* free-rooms-free-small@2.png */; };
		26F5BDF515A80AB60098879E /* free-rooms-occupied-regular.png in Resources */ = {isa = PBXBuildFile; fileRef = 26F5BD6115A80AB60098879E /* free-rooms-occupied-regular.png */; };
		26F5BDF615A80AB60098879E /* free-rooms-occupied-regular@2x.png in Resources */ = {isa = PBXBuildFile; fileRef = 26F5BD6215A80AB60098879E /* free-rooms-occupied-regular@2x.png */; };
		26F5BDF715A80AB60098879E /* free-rooms-occupied-small.png in Resources */ = {isa = PBXBuildFile; fileRef = 26F5BD6315A80AB60098879E /* free-rooms-occupied-small.png */; };
		26F5BDF815A80AB60098879E /* free-rooms-occupied-small@2x.png in Resources */ = {isa = PBXBuildFile; fileRef = 26F5BD6415A80AB60098879E /* free-rooms-occupied-small@2x.png */; };
		26F5BDF915A80AB60098879E /* Icon-72.png in Resources */ = {isa = PBXBuildFile; fileRef = 26F5BD6515A80AB60098879E /* Icon-72.png */; };
		26F5BDFA15A80AB60098879E /* Icon-Small-50.png in Resources */ = {isa = PBXBuildFile; fileRef = 26F5BD6615A80AB60098879E /* Icon-Small-50.png */; };
		26F5BDFB15A80AB60098879E /* Icon-Small.png in Resources */ = {isa = PBXBuildFile; fileRef = 26F5BD6715A80AB60098879E /* Icon-Small.png */; };
		26F5BDFC15A80AB60098879E /* Icon-Small@2x.png in Resources */ = {isa = PBXBuildFile; fileRef = 26F5BD6815A80AB60098879E /* Icon-Small@2x.png */; };
		26F5BDFD15A80AB60098879E /* Icon.png in Resources */ = {isa = PBXBuildFile; fileRef = 26F5BD6915A80AB60098879E /* Icon.png */; };
		26F5BDFE15A80AB60098879E /* Icon@2x.png in Resources */ = {isa = PBXBuildFile; fileRef = 26F5BD6A15A80AB60098879E /* Icon@2x.png */; };
		26F5BDFF15A80AB60098879E /* its.png in Resources */ = {isa = PBXBuildFile; fileRef = 26F5BD6B15A80AB60098879E /* its.png */; };
		26F5BE0015A80AB60098879E /* its@2x.png in Resources */ = {isa = PBXBuildFile; fileRef = 26F5BD6C15A80AB60098879E /* its@2x.png */; };
		26F5BE0115A80AB60098879E /* location-selected.png in Resources */ = {isa = PBXBuildFile; fileRef = 26F5BD6D15A80AB60098879E /* location-selected.png */; };
		26F5BE0215A80AB60098879E /* location-selected@2x.png in Resources */ = {isa = PBXBuildFile; fileRef = 26F5BD6E15A80AB60098879E /* location-selected@2x.png */; };
		26F5BE0315A80AB60098879E /* location.png in Resources */ = {isa = PBXBuildFile; fileRef = 26F5BD6F15A80AB60098879E /* location.png */; };
		26F5BE0415A80AB60098879E /* location@2x.png in Resources */ = {isa = PBXBuildFile; fileRef = 26F5BD7015A80AB60098879E /* location@2x.png */; };
		26F5BE0515A80AB60098879E /* navbar-logotype.png in Resources */ = {isa = PBXBuildFile; fileRef = 26F5BD7115A80AB60098879E /* navbar-logotype.png */; };
		26F5BE0615A80AB60098879E /* navbar-logotype@2x.png in Resources */ = {isa = PBXBuildFile; fileRef = 26F5BD7215A80AB60098879E /* navbar-logotype@2x.png */; };
		26F5BE0715A80AB60098879E /* navbar.png in Resources */ = {isa = PBXBuildFile; fileRef = 26F5BD7315A80AB60098879E /* navbar.png */; };
		26F5BE0815A80AB60098879E /* navbar@2x.png in Resources */ = {isa = PBXBuildFile; fileRef = 26F5BD7415A80AB60098879E /* navbar@2x.png */; };
		26F5BE0915A80AB60098879E /* NavigationBar-bg.png in Resources */ = {isa = PBXBuildFile; fileRef = 26F5BD7515A80AB60098879E /* NavigationBar-bg.png */; };
		26F5BE0A15A80AB60098879E /* NavigationBar-bg@2x.png in Resources */ = {isa = PBXBuildFile; fileRef = 26F5BD7615A80AB60098879E /* NavigationBar-bg@2x.png */; };
		26F5BE0B15A80AB60098879E /* notification-assignment.png in Resources */ = {isa = PBXBuildFile; fileRef = 26F5BD7715A80AB60098879E /* notification-assignment.png */; };
		26F5BE0C15A80AB60098879E /* notification-assignment@2x.png in Resources */ = {isa = PBXBuildFile; fileRef = 26F5BD7815A80AB60098879E /* notification-assignment@2x.png */; };
		26F5BE0D15A80AB60098879E /* notification-calendar.png in Resources */ = {isa = PBXBuildFile; fileRef = 26F5BD7915A80AB60098879E /* notification-calendar.png */; };
		26F5BE0E15A80AB60098879E /* notification-calendar@2x.png in Resources */ = {isa = PBXBuildFile; fileRef = 26F5BD7A15A80AB60098879E /* notification-calendar@2x.png */; };
		26F5BE0F15A80AB60098879E /* notification-course.png in Resources */ = {isa = PBXBuildFile; fileRef = 26F5BD7B15A80AB60098879E /* notification-course.png */; };
		26F5BE1015A80AB60098879E /* notification-course@2x.png in Resources */ = {isa = PBXBuildFile; fileRef = 26F5BD7C15A80AB60098879E /* notification-course@2x.png */; };
		26F5BE1115A80AB60098879E /* notification-current-assignment.png in Resources */ = {isa = PBXBuildFile; fileRef = 26F5BD7D15A80AB60098879E /* notification-current-assignment.png */; };
		26F5BE1215A80AB60098879E /* notification-current-assignment@2x.png in Resources */ = {isa = PBXBuildFile; fileRef = 26F5BD7E15A80AB60098879E /* notification-current-assignment@2x.png */; };
		26F5BE1315A80AB60098879E /* notification-current-calendar.png in Resources */ = {isa = PBXBuildFile; fileRef = 26F5BD7F15A80AB60098879E /* notification-current-calendar.png */; };
		26F5BE1415A80AB60098879E /* notification-current-calendar@2x.png in Resources */ = {isa = PBXBuildFile; fileRef = 26F5BD8015A80AB60098879E /* notification-current-calendar@2x.png */; };
		26F5BE1515A80AB60098879E /* notification-current-course.png in Resources */ = {isa = PBXBuildFile; fileRef = 26F5BD8115A80AB60098879E /* notification-current-course.png */; };
		26F5BE1615A80AB60098879E /* notification-current-course@2x.png in Resources */ = {isa = PBXBuildFile; fileRef = 26F5BD8215A80AB60098879E /* notification-current-course@2x.png */; };
		26F5BE1715A80AB60098879E /* notification-selected-assignment.png in Resources */ = {isa = PBXBuildFile; fileRef = 26F5BD8315A80AB60098879E /* notification-selected-assignment.png */; };
		26F5BE1815A80AB60098879E /* notification-selected-assignment@2x.png in Resources */ = {isa = PBXBuildFile; fileRef = 26F5BD8415A80AB60098879E /* notification-selected-assignment@2x.png */; };
		26F5BE1915A80AB60098879E /* notification-selected-calendar.png in Resources */ = {isa = PBXBuildFile; fileRef = 26F5BD8515A80AB60098879E /* notification-selected-calendar.png */; };
		26F5BE1A15A80AB60098879E /* notification-selected-calendar@2x.png in Resources */ = {isa = PBXBuildFile; fileRef = 26F5BD8615A80AB60098879E /* notification-selected-calendar@2x.png */; };
		26F5BE1B15A80AB60098879E /* notification-selected-course.png in Resources */ = {isa = PBXBuildFile; fileRef = 26F5BD8715A80AB60098879E /* notification-selected-course.png */; };
		26F5BE1C15A80AB60098879E /* notification-selected-course@2x.png in Resources */ = {isa = PBXBuildFile; fileRef = 26F5BD8815A80AB60098879E /* notification-selected-course@2x.png */; };
		26F5BE1D15A80AB60098879E /* notification-title.png in Resources */ = {isa = PBXBuildFile; fileRef = 26F5BD8915A80AB60098879E /* notification-title.png */; };
		26F5BE1E15A80AB60098879E /* notification-title@2x.png in Resources */ = {isa = PBXBuildFile; fileRef = 26F5BD8A15A80AB60098879E /* notification-title@2x.png */; };
		26F5BE1F15A80AB60098879E /* rooms.png in Resources */ = {isa = PBXBuildFile; fileRef = 26F5BD8B15A80AB60098879E /* rooms.png */; };
		26F5BE2015A80AB60098879E /* rooms@2x.png in Resources */ = {isa = PBXBuildFile; fileRef = 26F5BD8C15A80AB60098879E /* rooms@2x.png */; };
		26F5BE2115A80AB60098879E /* status-0.png in Resources */ = {isa = PBXBuildFile; fileRef = 26F5BD8D15A80AB60098879E /* status-0.png */; };
		26F5BE2215A80AB60098879E /* status-0@2x.png in Resources */ = {isa = PBXBuildFile; fileRef = 26F5BD8E15A80AB60098879E /* status-0@2x.png */; };
		26F5BE2315A80AB60098879E /* status-1.png in Resources */ = {isa = PBXBuildFile; fileRef = 26F5BD8F15A80AB60098879E /* status-1.png */; };
		26F5BE2415A80AB60098879E /* status-1@2x.png in Resources */ = {isa = PBXBuildFile; fileRef = 26F5BD9015A80AB60098879E /* status-1@2x.png */; };
		26F5BE2515A80AB60098879E /* status-2.png in Resources */ = {isa = PBXBuildFile; fileRef = 26F5BD9115A80AB60098879E /* status-2.png */; };
		26F5BE2615A80AB60098879E /* status-2@2x.png in Resources */ = {isa = PBXBuildFile; fileRef = 26F5BD9215A80AB60098879E /* status-2@2x.png */; };
		26F5BE2715A80AB60098879E /* status-3.png in Resources */ = {isa = PBXBuildFile; fileRef = 26F5BD9315A80AB60098879E /* status-3.png */; };
		26F5BE2815A80AB60098879E /* status-3@2x.png in Resources */ = {isa = PBXBuildFile; fileRef = 26F5BD9415A80AB60098879E /* status-3@2x.png */; };
		26F5BE2915A80AB60098879E /* time-selected.png in Resources */ = {isa = PBXBuildFile; fileRef = 26F5BD9515A80AB60098879E /* time-selected.png */; };
		26F5BE2A15A80AB60098879E /* time-selected@2x.png in Resources */ = {isa = PBXBuildFile; fileRef = 26F5BD9615A80AB60098879E /* time-selected@2x.png */; };
		26F5BE2B15A80AB60098879E /* time.png in Resources */ = {isa = PBXBuildFile; fileRef = 26F5BD9715A80AB60098879E /* time.png */; };
		26F5BE2C15A80AB60098879E /* time@2x.png in Resources */ = {isa = PBXBuildFile; fileRef = 26F5BD9815A80AB60098879E /* time@2x.png */; };
		26F5BE2D15A80AB60098879E /* toolbar.png in Resources */ = {isa = PBXBuildFile; fileRef = 26F5BD9915A80AB60098879E /* toolbar.png */; };
		26F5BE2E15A80AB60098879E /* toolbar@2x.png in Resources */ = {isa = PBXBuildFile; fileRef = 26F5BD9A15A80AB60098879E /* toolbar@2x.png */; };
		26F5BE2F15A80AB60098879E /* welcome-bg.png in Resources */ = {isa = PBXBuildFile; fileRef = 26F5BD9B15A80AB60098879E /* welcome-bg.png */; };
		26F5BE3015A80AB60098879E /* welcome-bg@2x.png in Resources */ = {isa = PBXBuildFile; fileRef = 26F5BD9C15A80AB60098879E /* welcome-bg@2x.png */; };
		26F5BE3115A80AB60098879E /* Welcome-button-active.png in Resources */ = {isa = PBXBuildFile; fileRef = 26F5BD9D15A80AB60098879E /* Welcome-button-active.png */; };
		26F5BE3215A80AB60098879E /* Welcome-button-active@2x.png in Resources */ = {isa = PBXBuildFile; fileRef = 26F5BD9E15A80AB60098879E /* Welcome-button-active@2x.png */; };
		26F5BE3315A80AB60098879E /* Welcome-button.png in Resources */ = {isa = PBXBuildFile; fileRef = 26F5BD9F15A80AB60098879E /* Welcome-button.png */; };
		26F5BE3415A80AB60098879E /* Welcome-button@2x.png in Resources */ = {isa = PBXBuildFile; fileRef = 26F5BDA015A80AB60098879E /* Welcome-button@2x.png */; };
/* End PBXBuildFile section */

/* Begin PBXFileReference section */
		26A441CB15A8219C00488EF1 /* NanbeigeMainCell.h */ = {isa = PBXFileReference; fileEncoding = 4; lastKnownFileType = sourcecode.c.h; path = NanbeigeMainCell.h; sourceTree = "<group>"; };
		26A441CC15A8219C00488EF1 /* NanbeigeMainCell.m */ = {isa = PBXFileReference; fileEncoding = 4; lastKnownFileType = sourcecode.c.objc; path = NanbeigeMainCell.m; sourceTree = "<group>"; };
		26A4421615A951CC00488EF1 /* NanbeigeItsViewController.h */ = {isa = PBXFileReference; fileEncoding = 4; lastKnownFileType = sourcecode.c.h; path = NanbeigeItsViewController.h; sourceTree = "<group>"; };
		26A4421715A951CC00488EF1 /* NanbeigeItsViewController.m */ = {isa = PBXFileReference; fileEncoding = 4; lastKnownFileType = sourcecode.c.objc; path = NanbeigeItsViewController.m; sourceTree = "<group>"; };
		26A4422015A97F5900488EF1 /* NanbeigeSettingsViewController.h */ = {isa = PBXFileReference; fileEncoding = 4; lastKnownFileType = sourcecode.c.h; path = NanbeigeSettingsViewController.h; sourceTree = "<group>"; };
		26A4422115A97F5900488EF1 /* NanbeigeSettingsViewController.m */ = {isa = PBXFileReference; fileEncoding = 4; lastKnownFileType = sourcecode.c.objc; path = NanbeigeSettingsViewController.m; sourceTree = "<group>"; };
		26F5BCD415A7FE810098879E /* Nanbeige.app */ = {isa = PBXFileReference; explicitFileType = wrapper.application; includeInIndex = 0; path = Nanbeige.app; sourceTree = BUILT_PRODUCTS_DIR; };
		26F5BCD815A7FE820098879E /* UIKit.framework */ = {isa = PBXFileReference; lastKnownFileType = wrapper.framework; name = UIKit.framework; path = System/Library/Frameworks/UIKit.framework; sourceTree = SDKROOT; };
		26F5BCDA15A7FE820098879E /* Foundation.framework */ = {isa = PBXFileReference; lastKnownFileType = wrapper.framework; name = Foundation.framework; path = System/Library/Frameworks/Foundation.framework; sourceTree = SDKROOT; };
		26F5BCDC15A7FE820098879E /* CoreGraphics.framework */ = {isa = PBXFileReference; lastKnownFileType = wrapper.framework; name = CoreGraphics.framework; path = System/Library/Frameworks/CoreGraphics.framework; sourceTree = SDKROOT; };
		26F5BCE015A7FE820098879E /* Nanbeige-Info.plist */ = {isa = PBXFileReference; lastKnownFileType = text.plist.xml; path = "Nanbeige-Info.plist"; sourceTree = "<group>"; };
		26F5BCE215A7FE820098879E /* en */ = {isa = PBXFileReference; lastKnownFileType = text.plist.strings; name = en; path = en.lproj/InfoPlist.strings; sourceTree = "<group>"; };
		26F5BCE415A7FE820098879E /* main.m */ = {isa = PBXFileReference; lastKnownFileType = sourcecode.c.objc; path = main.m; sourceTree = "<group>"; };
		26F5BCE615A7FE820098879E /* Nanbeige-Prefix.pch */ = {isa = PBXFileReference; lastKnownFileType = sourcecode.c.h; path = "Nanbeige-Prefix.pch"; sourceTree = "<group>"; };
		26F5BCE715A7FE820098879E /* NanbeigeAppDelegate.h */ = {isa = PBXFileReference; lastKnownFileType = sourcecode.c.h; path = NanbeigeAppDelegate.h; sourceTree = "<group>"; };
		26F5BCE815A7FE820098879E /* NanbeigeAppDelegate.m */ = {isa = PBXFileReference; lastKnownFileType = sourcecode.c.objc; path = NanbeigeAppDelegate.m; sourceTree = "<group>"; };
		26F5BCEB15A7FE820098879E /* en */ = {isa = PBXFileReference; lastKnownFileType = file.storyboard; name = en; path = en.lproj/MainStoryboard_iPhone.storyboard; sourceTree = "<group>"; };
		26F5BCEE15A7FE820098879E /* en */ = {isa = PBXFileReference; lastKnownFileType = file.storyboard; name = en; path = en.lproj/MainStoryboard_iPad.storyboard; sourceTree = "<group>"; };
		26F5BD0615A802050098879E /* NanbeigeStreamViewController.h */ = {isa = PBXFileReference; fileEncoding = 4; lastKnownFileType = sourcecode.c.h; path = NanbeigeStreamViewController.h; sourceTree = "<group>"; };
		26F5BD0715A802050098879E /* NanbeigeStreamViewController.m */ = {isa = PBXFileReference; fileEncoding = 4; lastKnownFileType = sourcecode.c.objc; path = NanbeigeStreamViewController.m; sourceTree = "<group>"; };
		26F5BD0915A802190098879E /* NanbeigeMainViewController.h */ = {isa = PBXFileReference; fileEncoding = 4; lastKnownFileType = sourcecode.c.h; path = NanbeigeMainViewController.h; sourceTree = "<group>"; };
		26F5BD0A15A802190098879E /* NanbeigeMainViewController.m */ = {isa = PBXFileReference; fileEncoding = 4; lastKnownFileType = sourcecode.c.objc; path = NanbeigeMainViewController.m; sourceTree = "<group>"; };
		26F5BD0D15A80AB60098879E /* 179-notepad.png */ = {isa = PBXFileReference; lastKnownFileType = image.png; path = "179-notepad.png"; sourceTree = "<group>"; };
		26F5BD0E15A80AB60098879E /* 179-notepad@2x.png */ = {isa = PBXFileReference; lastKnownFileType = image.png; path = "179-notepad@2x.png"; sourceTree = "<group>"; };
		26F5BD0F15A80AB60098879E /* 180-stickynote.png */ = {isa = PBXFileReference; lastKnownFileType = image.png; path = "180-stickynote.png"; sourceTree = "<group>"; };
		26F5BD1015A80AB60098879E /* 180-stickynote@2x.png */ = {isa = PBXFileReference; lastKnownFileType = image.png; path = "180-stickynote@2x.png"; sourceTree = "<group>"; };
		26F5BD1115A80AB60098879E /* 24-person.png */ = {isa = PBXFileReference; lastKnownFileType = image.png; path = "24-person.png"; sourceTree = "<group>"; };
		26F5BD1215A80AB60098879E /* 24-person@2x.png */ = {isa = PBXFileReference; lastKnownFileType = image.png; path = "24-person@2x.png"; sourceTree = "<group>"; };
		26F5BD1315A80AB60098879E /* 256-box2.png */ = {isa = PBXFileReference; lastKnownFileType = image.png; path = "256-box2.png"; sourceTree = "<group>"; };
		26F5BD1415A80AB60098879E /* 256-box2@2x.png */ = {isa = PBXFileReference; lastKnownFileType = image.png; path = "256-box2@2x.png"; sourceTree = "<group>"; };
		26F5BD1515A80AB60098879E /* 265-download.png */ = {isa = PBXFileReference; lastKnownFileType = image.png; path = "265-download.png"; sourceTree = "<group>"; };
		26F5BD1615A80AB60098879E /* 265-download@2x.png */ = {isa = PBXFileReference; lastKnownFileType = image.png; path = "265-download@2x.png"; sourceTree = "<group>"; };
		26F5BD1715A80AB60098879E /* 37x-Checkmark.png */ = {isa = PBXFileReference; lastKnownFileType = image.png; path = "37x-Checkmark.png"; sourceTree = "<group>"; };
		26F5BD1815A80AB60098879E /* 38-house.png */ = {isa = PBXFileReference; lastKnownFileType = image.png; path = "38-house.png"; sourceTree = "<group>"; };
		26F5BD1915A80AB60098879E /* 38-house@2x.png */ = {isa = PBXFileReference; lastKnownFileType = image.png; path = "38-house@2x.png"; sourceTree = "<group>"; };
		26F5BD1A15A80AB60098879E /* 96-book.png */ = {isa = PBXFileReference; lastKnownFileType = image.png; path = "96-book.png"; sourceTree = "<group>"; };
		26F5BD1B15A80AB60098879E /* 96-book@2x.png */ = {isa = PBXFileReference; lastKnownFileType = image.png; path = "96-book@2x.png"; sourceTree = "<group>"; };
		26F5BD1C15A80AB60098879E /* assignment.png */ = {isa = PBXFileReference; lastKnownFileType = image.png; path = assignment.png; sourceTree = "<group>"; };
		26F5BD1D15A80AB60098879E /* assignment@2x.png */ = {isa = PBXFileReference; lastKnownFileType = image.png; path = "assignment@2x.png"; sourceTree = "<group>"; };
		26F5BD1E15A80AB60098879E /* BarButton-bg-plain.png */ = {isa = PBXFileReference; lastKnownFileType = image.png; path = "BarButton-bg-plain.png"; sourceTree = "<group>"; };
		26F5BD1F15A80AB60098879E /* btn-back-normal.png */ = {isa = PBXFileReference; lastKnownFileType = image.png; path = "btn-back-normal.png"; sourceTree = "<group>"; };
		26F5BD2015A80AB60098879E /* btn-back-normal@2x.png */ = {isa = PBXFileReference; lastKnownFileType = image.png; path = "btn-back-normal@2x.png"; sourceTree = "<group>"; };
		26F5BD2115A80AB60098879E /* btn-back-pressed.png */ = {isa = PBXFileReference; lastKnownFileType = image.png; path = "btn-back-pressed.png"; sourceTree = "<group>"; };
		26F5BD2215A80AB60098879E /* btn-back-pressed@2x.png */ = {isa = PBXFileReference; lastKnownFileType = image.png; path = "btn-back-pressed@2x.png"; sourceTree = "<group>"; };
		26F5BD2315A80AB60098879E /* btn-blue-normal.png */ = {isa = PBXFileReference; lastKnownFileType = image.png; path = "btn-blue-normal.png"; sourceTree = "<group>"; };
		26F5BD2415A80AB60098879E /* btn-blue-normal@2x.png */ = {isa = PBXFileReference; lastKnownFileType = image.png; path = "btn-blue-normal@2x.png"; sourceTree = "<group>"; };
		26F5BD2515A80AB60098879E /* btn-blue-pressed.png */ = {isa = PBXFileReference; lastKnownFileType = image.png; path = "btn-blue-pressed.png"; sourceTree = "<group>"; };
		26F5BD2615A80AB60098879E /* btn-blue-pressed@2x.png */ = {isa = PBXFileReference; lastKnownFileType = image.png; path = "btn-blue-pressed@2x.png"; sourceTree = "<group>"; };
		26F5BD2715A80AB60098879E /* btn-its-1-highlighted.png */ = {isa = PBXFileReference; lastKnownFileType = image.png; path = "btn-its-1-highlighted.png"; sourceTree = "<group>"; };
		26F5BD2815A80AB60098879E /* btn-its-1-highlighted@2x.png */ = {isa = PBXFileReference; lastKnownFileType = image.png; path = "btn-its-1-highlighted@2x.png"; sourceTree = "<group>"; };
		26F5BD2915A80AB60098879E /* btn-its-1-normal.png */ = {isa = PBXFileReference; lastKnownFileType = image.png; path = "btn-its-1-normal.png"; sourceTree = "<group>"; };
		26F5BD2A15A80AB60098879E /* btn-its-1-normal@2x.png */ = {isa = PBXFileReference; lastKnownFileType = image.png; path = "btn-its-1-normal@2x.png"; sourceTree = "<group>"; };
		26F5BD2B15A80AB60098879E /* btn-its-2-highlighted.png */ = {isa = PBXFileReference; lastKnownFileType = image.png; path = "btn-its-2-highlighted.png"; sourceTree = "<group>"; };
		26F5BD2C15A80AB60098879E /* btn-its-2-highlighted@2x.png */ = {isa = PBXFileReference; lastKnownFileType = image.png; path = "btn-its-2-highlighted@2x.png"; sourceTree = "<group>"; };
		26F5BD2D15A80AB60098879E /* btn-its-2-normal.png */ = {isa = PBXFileReference; lastKnownFileType = image.png; path = "btn-its-2-normal.png"; sourceTree = "<group>"; };
		26F5BD2E15A80AB60098879E /* btn-its-2-normal@2x.png */ = {isa = PBXFileReference; lastKnownFileType = image.png; path = "btn-its-2-normal@2x.png"; sourceTree = "<group>"; };
		26F5BD2F15A80AB60098879E /* btn-its-3-highlighted.png */ = {isa = PBXFileReference; lastKnownFileType = image.png; path = "btn-its-3-highlighted.png"; sourceTree = "<group>"; };
		26F5BD3015A80AB60098879E /* btn-its-3-highlighted@2x.png */ = {isa = PBXFileReference; lastKnownFileType = image.png; path = "btn-its-3-highlighted@2x.png"; sourceTree = "<group>"; };
		26F5BD3115A80AB60098879E /* btn-its-3-normal.png */ = {isa = PBXFileReference; lastKnownFileType = image.png; path = "btn-its-3-normal.png"; sourceTree = "<group>"; };
		26F5BD3215A80AB60098879E /* btn-its-3-normal@2x.png */ = {isa = PBXFileReference; lastKnownFileType = image.png; path = "btn-its-3-normal@2x.png"; sourceTree = "<group>"; };
		26F5BD3315A80AB60098879E /* btn-normal.png */ = {isa = PBXFileReference; lastKnownFileType = image.png; path = "btn-normal.png"; sourceTree = "<group>"; };
		26F5BD3415A80AB60098879E /* btn-normal@2x.png */ = {isa = PBXFileReference; lastKnownFileType = image.png; path = "btn-normal@2x.png"; sourceTree = "<group>"; };
		26F5BD3515A80AB60098879E /* btn-pressed.png */ = {isa = PBXFileReference; lastKnownFileType = image.png; path = "btn-pressed.png"; sourceTree = "<group>"; };
		26F5BD3615A80AB60098879E /* btn-pressed@2x.png */ = {isa = PBXFileReference; lastKnownFileType = image.png; path = "btn-pressed@2x.png"; sourceTree = "<group>"; };
		26F5BD3715A80AB60098879E /* btn-segmented-divider.png */ = {isa = PBXFileReference; lastKnownFileType = image.png; path = "btn-segmented-divider.png"; sourceTree = "<group>"; };
		26F5BD3815A80AB60098879E /* btn-segmented-divider@2x.png */ = {isa = PBXFileReference; lastKnownFileType = image.png; path = "btn-segmented-divider@2x.png"; sourceTree = "<group>"; };
		26F5BD3915A80AB60098879E /* button-1.png */ = {isa = PBXFileReference; lastKnownFileType = image.png; path = "button-1.png"; sourceTree = "<group>"; };
		26F5BD3A15A80AB60098879E /* button-1@2x.png */ = {isa = PBXFileReference; lastKnownFileType = image.png; path = "button-1@2x.png"; sourceTree = "<group>"; };
		26F5BD3B15A80AB60098879E /* button-2.png */ = {isa = PBXFileReference; lastKnownFileType = image.png; path = "button-2.png"; sourceTree = "<group>"; };
		26F5BD3C15A80AB60098879E /* button-2@2x.png */ = {isa = PBXFileReference; lastKnownFileType = image.png; path = "button-2@2x.png"; sourceTree = "<group>"; };
		26F5BD3D15A80AB60098879E /* button-3.png */ = {isa = PBXFileReference; lastKnownFileType = image.png; path = "button-3.png"; sourceTree = "<group>"; };
		26F5BD3E15A80AB60098879E /* button-3@2x.png */ = {isa = PBXFileReference; lastKnownFileType = image.png; path = "button-3@2x.png"; sourceTree = "<group>"; };
		26F5BD3F15A80AB60098879E /* calendar-list-bg.png */ = {isa = PBXFileReference; lastKnownFileType = image.png; path = "calendar-list-bg.png"; sourceTree = "<group>"; };
		26F5BD4015A80AB60098879E /* calendar-list-bg@2x.png */ = {isa = PBXFileReference; lastKnownFileType = image.png; path = "calendar-list-bg@2x.png"; sourceTree = "<group>"; };
		26F5BD4115A80AB60098879E /* calendar.png */ = {isa = PBXFileReference; lastKnownFileType = image.png; path = calendar.png; sourceTree = "<group>"; };
		26F5BD4215A80AB60098879E /* calendar@2x.png */ = {isa = PBXFileReference; lastKnownFileType = image.png; path = "calendar@2x.png"; sourceTree = "<group>"; };
		26F5BD4315A80AB60098879E /* courses.png */ = {isa = PBXFileReference; lastKnownFileType = image.png; path = courses.png; sourceTree = "<group>"; };
		26F5BD4415A80AB60098879E /* courses@2x.png */ = {isa = PBXFileReference; lastKnownFileType = image.png; path = "courses@2x.png"; sourceTree = "<group>"; };
		26F5BD4515A80AB60098879E /* current-bg.png */ = {isa = PBXFileReference; lastKnownFileType = image.png; path = "current-bg.png"; sourceTree = "<group>"; };
		26F5BD4615A80AB60098879E /* current-bg@2x.png */ = {isa = PBXFileReference; lastKnownFileType = image.png; path = "current-bg@2x.png"; sourceTree = "<group>"; };
		26F5BD4715A80AB60098879E /* datebar-arrow-left-normal.png */ = {isa = PBXFileReference; lastKnownFileType = image.png; path = "datebar-arrow-left-normal.png"; sourceTree = "<group>"; };
		26F5BD4815A80AB60098879E /* datebar-arrow-left-normal@2x.png */ = {isa = PBXFileReference; lastKnownFileType = image.png; path = "datebar-arrow-left-normal@2x.png"; sourceTree = "<group>"; };
		26F5BD4915A80AB60098879E /* datebar-arrow-left-pressed.png */ = {isa = PBXFileReference; lastKnownFileType = image.png; path = "datebar-arrow-left-pressed.png"; sourceTree = "<group>"; };
		26F5BD4A15A80AB60098879E /* datebar-arrow-left-pressed@2x.png */ = {isa = PBXFileReference; lastKnownFileType = image.png; path = "datebar-arrow-left-pressed@2x.png"; sourceTree = "<group>"; };
		26F5BD4B15A80AB60098879E /* datebar-arrow-right-normal.png */ = {isa = PBXFileReference; lastKnownFileType = image.png; path = "datebar-arrow-right-normal.png"; sourceTree = "<group>"; };
		26F5BD4C15A80AB60098879E /* datebar-arrow-right-normal@2x.png */ = {isa = PBXFileReference; lastKnownFileType = image.png; path = "datebar-arrow-right-normal@2x.png"; sourceTree = "<group>"; };
		26F5BD4D15A80AB60098879E /* datebar-arrow-right-pressed.png */ = {isa = PBXFileReference; lastKnownFileType = image.png; path = "datebar-arrow-right-pressed.png"; sourceTree = "<group>"; };
		26F5BD4E15A80AB60098879E /* datebar-arrow-right-pressed@2x.png */ = {isa = PBXFileReference; lastKnownFileType = image.png; path = "datebar-arrow-right-pressed@2x.png"; sourceTree = "<group>"; };
		26F5BD4F15A80AB60098879E /* datebar.png */ = {isa = PBXFileReference; lastKnownFileType = image.png; path = datebar.png; sourceTree = "<group>"; };
		26F5BD5015A80AB60098879E /* datebar@2x.png */ = {isa = PBXFileReference; lastKnownFileType = image.png; path = "datebar@2x.png"; sourceTree = "<group>"; };
		26F5BD5115A80AB60098879E /* Default.png */ = {isa = PBXFileReference; lastKnownFileType = image.png; path = Default.png; sourceTree = "<group>"; };
		26F5BD5215A80AB60098879E /* Default@2x.png */ = {isa = PBXFileReference; lastKnownFileType = image.png; path = "Default@2x.png"; sourceTree = "<group>"; };
		26F5BD5315A80AB60098879E /* disclosure-indicator.png */ = {isa = PBXFileReference; lastKnownFileType = image.png; path = "disclosure-indicator.png"; sourceTree = "<group>"; };
		26F5BD5415A80AB60098879E /* disclosure-indicator@2x.png */ = {isa = PBXFileReference; lastKnownFileType = image.png; path = "disclosure-indicator@2x.png"; sourceTree = "<group>"; };
		26F5BD5515A80AB60098879E /* discuss.png */ = {isa = PBXFileReference; lastKnownFileType = image.png; path = discuss.png; sourceTree = "<group>"; };
		26F5BD5615A80AB60098879E /* discuss@2x.png */ = {isa = PBXFileReference; lastKnownFileType = image.png; path = "discuss@2x.png"; sourceTree = "<group>"; };
		26F5BD5715A80AB60098879E /* feedback.png */ = {isa = PBXFileReference; lastKnownFileType = image.png; path = feedback.png; sourceTree = "<group>"; };
		26F5BD5815A80AB60098879E /* feedback@2x.png */ = {isa = PBXFileReference; lastKnownFileType = image.png; path = "feedback@2x.png"; sourceTree = "<group>"; };
		26F5BD5915A80AB60098879E /* free-rooms-filter-bar-bg.png */ = {isa = PBXFileReference; lastKnownFileType = image.png; path = "free-rooms-filter-bar-bg.png"; sourceTree = "<group>"; };
		26F5BD5A15A80AB60098879E /* free-rooms-filter-bar-bg@2x.png */ = {isa = PBXFileReference; lastKnownFileType = image.png; path = "free-rooms-filter-bar-bg@2x.png"; sourceTree = "<group>"; };
		26F5BD5B15A80AB60098879E /* free-rooms-filter-bar-checkmark.png */ = {isa = PBXFileReference; lastKnownFileType = image.png; path = "free-rooms-filter-bar-checkmark.png"; sourceTree = "<group>"; };
		26F5BD5C15A80AB60098879E /* free-rooms-filter-bar-checkmark@2x.png */ = {isa = PBXFileReference; lastKnownFileType = image.png; path = "free-rooms-filter-bar-checkmark@2x.png"; sourceTree = "<group>"; };
		26F5BD5D15A80AB60098879E /* free-rooms-free-regular.png */ = {isa = PBXFileReference; lastKnownFileType = image.png; path = "free-rooms-free-regular.png"; sourceTree = "<group>"; };
		26F5BD5E15A80AB60098879E /* free-rooms-free-regular@2x.png */ = {isa = PBXFileReference; lastKnownFileType = image.png; path = "free-rooms-free-regular@2x.png"; sourceTree = "<group>"; };
		26F5BD5F15A80AB60098879E /* free-rooms-free-small.png */ = {isa = PBXFileReference; lastKnownFileType = image.png; path = "free-rooms-free-small.png"; sourceTree = "<group>"; };
		26F5BD6015A80AB60098879E /* free-rooms-free-small@2.png */ = {isa = PBXFileReference; lastKnownFileType = image.png; path = "free-rooms-free-small@2.png"; sourceTree = "<group>"; };
		26F5BD6115A80AB60098879E /* free-rooms-occupied-regular.png */ = {isa = PBXFileReference; lastKnownFileType = image.png; path = "free-rooms-occupied-regular.png"; sourceTree = "<group>"; };
		26F5BD6215A80AB60098879E /* free-rooms-occupied-regular@2x.png */ = {isa = PBXFileReference; lastKnownFileType = image.png; path = "free-rooms-occupied-regular@2x.png"; sourceTree = "<group>"; };
		26F5BD6315A80AB60098879E /* free-rooms-occupied-small.png */ = {isa = PBXFileReference; lastKnownFileType = image.png; path = "free-rooms-occupied-small.png"; sourceTree = "<group>"; };
		26F5BD6415A80AB60098879E /* free-rooms-occupied-small@2x.png */ = {isa = PBXFileReference; lastKnownFileType = image.png; path = "free-rooms-occupied-small@2x.png"; sourceTree = "<group>"; };
		26F5BD6515A80AB60098879E /* Icon-72.png */ = {isa = PBXFileReference; lastKnownFileType = image.png; path = "Icon-72.png"; sourceTree = "<group>"; };
		26F5BD6615A80AB60098879E /* Icon-Small-50.png */ = {isa = PBXFileReference; lastKnownFileType = image.png; path = "Icon-Small-50.png"; sourceTree = "<group>"; };
		26F5BD6715A80AB60098879E /* Icon-Small.png */ = {isa = PBXFileReference; lastKnownFileType = image.png; path = "Icon-Small.png"; sourceTree = "<group>"; };
		26F5BD6815A80AB60098879E /* Icon-Small@2x.png */ = {isa = PBXFileReference; lastKnownFileType = image.png; path = "Icon-Small@2x.png"; sourceTree = "<group>"; };
		26F5BD6915A80AB60098879E /* Icon.png */ = {isa = PBXFileReference; lastKnownFileType = image.png; path = Icon.png; sourceTree = "<group>"; };
		26F5BD6A15A80AB60098879E /* Icon@2x.png */ = {isa = PBXFileReference; lastKnownFileType = image.png; path = "Icon@2x.png"; sourceTree = "<group>"; };
		26F5BD6B15A80AB60098879E /* its.png */ = {isa = PBXFileReference; lastKnownFileType = image.png; path = its.png; sourceTree = "<group>"; };
		26F5BD6C15A80AB60098879E /* its@2x.png */ = {isa = PBXFileReference; lastKnownFileType = image.png; path = "its@2x.png"; sourceTree = "<group>"; };
		26F5BD6D15A80AB60098879E /* location-selected.png */ = {isa = PBXFileReference; lastKnownFileType = image.png; path = "location-selected.png"; sourceTree = "<group>"; };
		26F5BD6E15A80AB60098879E /* location-selected@2x.png */ = {isa = PBXFileReference; lastKnownFileType = image.png; path = "location-selected@2x.png"; sourceTree = "<group>"; };
		26F5BD6F15A80AB60098879E /* location.png */ = {isa = PBXFileReference; lastKnownFileType = image.png; path = location.png; sourceTree = "<group>"; };
		26F5BD7015A80AB60098879E /* location@2x.png */ = {isa = PBXFileReference; lastKnownFileType = image.png; path = "location@2x.png"; sourceTree = "<group>"; };
		26F5BD7115A80AB60098879E /* navbar-logotype.png */ = {isa = PBXFileReference; lastKnownFileType = image.png; path = "navbar-logotype.png"; sourceTree = "<group>"; };
		26F5BD7215A80AB60098879E /* navbar-logotype@2x.png */ = {isa = PBXFileReference; lastKnownFileType = image.png; path = "navbar-logotype@2x.png"; sourceTree = "<group>"; };
		26F5BD7315A80AB60098879E /* navbar.png */ = {isa = PBXFileReference; lastKnownFileType = image.png; path = navbar.png; sourceTree = "<group>"; };
		26F5BD7415A80AB60098879E /* navbar@2x.png */ = {isa = PBXFileReference; lastKnownFileType = image.png; path = "navbar@2x.png"; sourceTree = "<group>"; };
		26F5BD7515A80AB60098879E /* NavigationBar-bg.png */ = {isa = PBXFileReference; lastKnownFileType = image.png; path = "NavigationBar-bg.png"; sourceTree = "<group>"; };
		26F5BD7615A80AB60098879E /* NavigationBar-bg@2x.png */ = {isa = PBXFileReference; lastKnownFileType = image.png; path = "NavigationBar-bg@2x.png"; sourceTree = "<group>"; };
		26F5BD7715A80AB60098879E /* notification-assignment.png */ = {isa = PBXFileReference; lastKnownFileType = image.png; path = "notification-assignment.png"; sourceTree = "<group>"; };
		26F5BD7815A80AB60098879E /* notification-assignment@2x.png */ = {isa = PBXFileReference; lastKnownFileType = image.png; path = "notification-assignment@2x.png"; sourceTree = "<group>"; };
		26F5BD7915A80AB60098879E /* notification-calendar.png */ = {isa = PBXFileReference; lastKnownFileType = image.png; path = "notification-calendar.png"; sourceTree = "<group>"; };
		26F5BD7A15A80AB60098879E /* notification-calendar@2x.png */ = {isa = PBXFileReference; lastKnownFileType = image.png; path = "notification-calendar@2x.png"; sourceTree = "<group>"; };
		26F5BD7B15A80AB60098879E /* notification-course.png */ = {isa = PBXFileReference; lastKnownFileType = image.png; path = "notification-course.png"; sourceTree = "<group>"; };
		26F5BD7C15A80AB60098879E /* notification-course@2x.png */ = {isa = PBXFileReference; lastKnownFileType = image.png; path = "notification-course@2x.png"; sourceTree = "<group>"; };
		26F5BD7D15A80AB60098879E /* notification-current-assignment.png */ = {isa = PBXFileReference; lastKnownFileType = image.png; path = "notification-current-assignment.png"; sourceTree = "<group>"; };
		26F5BD7E15A80AB60098879E /* notification-current-assignment@2x.png */ = {isa = PBXFileReference; lastKnownFileType = image.png; path = "notification-current-assignment@2x.png"; sourceTree = "<group>"; };
		26F5BD7F15A80AB60098879E /* notification-current-calendar.png */ = {isa = PBXFileReference; lastKnownFileType = image.png; path = "notification-current-calendar.png"; sourceTree = "<group>"; };
		26F5BD8015A80AB60098879E /* notification-current-calendar@2x.png */ = {isa = PBXFileReference; lastKnownFileType = image.png; path = "notification-current-calendar@2x.png"; sourceTree = "<group>"; };
		26F5BD8115A80AB60098879E /* notification-current-course.png */ = {isa = PBXFileReference; lastKnownFileType = image.png; path = "notification-current-course.png"; sourceTree = "<group>"; };
		26F5BD8215A80AB60098879E /* notification-current-course@2x.png */ = {isa = PBXFileReference; lastKnownFileType = image.png; path = "notification-current-course@2x.png"; sourceTree = "<group>"; };
		26F5BD8315A80AB60098879E /* notification-selected-assignment.png */ = {isa = PBXFileReference; lastKnownFileType = image.png; path = "notification-selected-assignment.png"; sourceTree = "<group>"; };
		26F5BD8415A80AB60098879E /* notification-selected-assignment@2x.png */ = {isa = PBXFileReference; lastKnownFileType = image.png; path = "notification-selected-assignment@2x.png"; sourceTree = "<group>"; };
		26F5BD8515A80AB60098879E /* notification-selected-calendar.png */ = {isa = PBXFileReference; lastKnownFileType = image.png; path = "notification-selected-calendar.png"; sourceTree = "<group>"; };
		26F5BD8615A80AB60098879E /* notification-selected-calendar@2x.png */ = {isa = PBXFileReference; lastKnownFileType = image.png; path = "notification-selected-calendar@2x.png"; sourceTree = "<group>"; };
		26F5BD8715A80AB60098879E /* notification-selected-course.png */ = {isa = PBXFileReference; lastKnownFileType = image.png; path = "notification-selected-course.png"; sourceTree = "<group>"; };
		26F5BD8815A80AB60098879E /* notification-selected-course@2x.png */ = {isa = PBXFileReference; lastKnownFileType = image.png; path = "notification-selected-course@2x.png"; sourceTree = "<group>"; };
		26F5BD8915A80AB60098879E /* notification-title.png */ = {isa = PBXFileReference; lastKnownFileType = image.png; path = "notification-title.png"; sourceTree = "<group>"; };
		26F5BD8A15A80AB60098879E /* notification-title@2x.png */ = {isa = PBXFileReference; lastKnownFileType = image.png; path = "notification-title@2x.png"; sourceTree = "<group>"; };
		26F5BD8B15A80AB60098879E /* rooms.png */ = {isa = PBXFileReference; lastKnownFileType = image.png; path = rooms.png; sourceTree = "<group>"; };
		26F5BD8C15A80AB60098879E /* rooms@2x.png */ = {isa = PBXFileReference; lastKnownFileType = image.png; path = "rooms@2x.png"; sourceTree = "<group>"; };
		26F5BD8D15A80AB60098879E /* status-0.png */ = {isa = PBXFileReference; lastKnownFileType = image.png; path = "status-0.png"; sourceTree = "<group>"; };
		26F5BD8E15A80AB60098879E /* status-0@2x.png */ = {isa = PBXFileReference; lastKnownFileType = image.png; path = "status-0@2x.png"; sourceTree = "<group>"; };
		26F5BD8F15A80AB60098879E /* status-1.png */ = {isa = PBXFileReference; lastKnownFileType = image.png; path = "status-1.png"; sourceTree = "<group>"; };
		26F5BD9015A80AB60098879E /* status-1@2x.png */ = {isa = PBXFileReference; lastKnownFileType = image.png; path = "status-1@2x.png"; sourceTree = "<group>"; };
		26F5BD9115A80AB60098879E /* status-2.png */ = {isa = PBXFileReference; lastKnownFileType = image.png; path = "status-2.png"; sourceTree = "<group>"; };
		26F5BD9215A80AB60098879E /* status-2@2x.png */ = {isa = PBXFileReference; lastKnownFileType = image.png; path = "status-2@2x.png"; sourceTree = "<group>"; };
		26F5BD9315A80AB60098879E /* status-3.png */ = {isa = PBXFileReference; lastKnownFileType = image.png; path = "status-3.png"; sourceTree = "<group>"; };
		26F5BD9415A80AB60098879E /* status-3@2x.png */ = {isa = PBXFileReference; lastKnownFileType = image.png; path = "status-3@2x.png"; sourceTree = "<group>"; };
		26F5BD9515A80AB60098879E /* time-selected.png */ = {isa = PBXFileReference; lastKnownFileType = image.png; path = "time-selected.png"; sourceTree = "<group>"; };
		26F5BD9615A80AB60098879E /* time-selected@2x.png */ = {isa = PBXFileReference; lastKnownFileType = image.png; path = "time-selected@2x.png"; sourceTree = "<group>"; };
		26F5BD9715A80AB60098879E /* time.png */ = {isa = PBXFileReference; lastKnownFileType = image.png; path = time.png; sourceTree = "<group>"; };
		26F5BD9815A80AB60098879E /* time@2x.png */ = {isa = PBXFileReference; lastKnownFileType = image.png; path = "time@2x.png"; sourceTree = "<group>"; };
		26F5BD9915A80AB60098879E /* toolbar.png */ = {isa = PBXFileReference; lastKnownFileType = image.png; path = toolbar.png; sourceTree = "<group>"; };
		26F5BD9A15A80AB60098879E /* toolbar@2x.png */ = {isa = PBXFileReference; lastKnownFileType = image.png; path = "toolbar@2x.png"; sourceTree = "<group>"; };
		26F5BD9B15A80AB60098879E /* welcome-bg.png */ = {isa = PBXFileReference; lastKnownFileType = image.png; path = "welcome-bg.png"; sourceTree = "<group>"; };
		26F5BD9C15A80AB60098879E /* welcome-bg@2x.png */ = {isa = PBXFileReference; lastKnownFileType = image.png; path = "welcome-bg@2x.png"; sourceTree = "<group>"; };
		26F5BD9D15A80AB60098879E /* Welcome-button-active.png */ = {isa = PBXFileReference; lastKnownFileType = image.png; path = "Welcome-button-active.png"; sourceTree = "<group>"; };
		26F5BD9E15A80AB60098879E /* Welcome-button-active@2x.png */ = {isa = PBXFileReference; lastKnownFileType = image.png; path = "Welcome-button-active@2x.png"; sourceTree = "<group>"; };
		26F5BD9F15A80AB60098879E /* Welcome-button.png */ = {isa = PBXFileReference; lastKnownFileType = image.png; path = "Welcome-button.png"; sourceTree = "<group>"; };
		26F5BDA015A80AB60098879E /* Welcome-button@2x.png */ = {isa = PBXFileReference; lastKnownFileType = image.png; path = "Welcome-button@2x.png"; sourceTree = "<group>"; };
/* End PBXFileReference section */

/* Begin PBXFrameworksBuildPhase section */
		26F5BCD115A7FE810098879E /* Frameworks */ = {
			isa = PBXFrameworksBuildPhase;
			buildActionMask = 2147483647;
			files = (
				26F5BCD915A7FE820098879E /* UIKit.framework in Frameworks */,
				26F5BCDB15A7FE820098879E /* Foundation.framework in Frameworks */,
				26F5BCDD15A7FE820098879E /* CoreGraphics.framework in Frameworks */,
			);
			runOnlyForDeploymentPostprocessing = 0;
		};
/* End PBXFrameworksBuildPhase section */

/* Begin PBXGroup section */
		26A441CE15A821A800488EF1 /* MainView */ = {
			isa = PBXGroup;
			children = (
				26A4421415A93B3400488EF1 /* CalendarView */,
				26A4421115A93AFC00488EF1 /* CoursesView */,
				26A4421515A93B4000488EF1 /* FeedbackView */,
				26A4421315A93B2900488EF1 /* ItsView */,
				26A4421215A93B0C00488EF1 /* RoomsView */,
				26F5BD0915A802190098879E /* NanbeigeMainViewController.h */,
				26F5BD0A15A802190098879E /* NanbeigeMainViewController.m */,
				26A441CB15A8219C00488EF1 /* NanbeigeMainCell.h */,
				26A441CC15A8219C00488EF1 /* NanbeigeMainCell.m */,
			);
			name = MainView;
			sourceTree = "<group>";
		};
		26A441CF15A821C500488EF1 /* SettingsView */ = {
			isa = PBXGroup;
			children = (
				26A4422015A97F5900488EF1 /* NanbeigeSettingsViewController.h */,
				26A4422115A97F5900488EF1 /* NanbeigeSettingsViewController.m */,
			);
			name = SettingsView;
			sourceTree = "<group>";
		};
		26A441D015A821CD00488EF1 /* StreamView */ = {
			isa = PBXGroup;
			children = (
				26F5BD0615A802050098879E /* NanbeigeStreamViewController.h */,
				26F5BD0715A802050098879E /* NanbeigeStreamViewController.m */,
			);
			name = StreamView;
			sourceTree = "<group>";
		};
		26A4421115A93AFC00488EF1 /* CoursesView */ = {
			isa = PBXGroup;
			children = (
			);
			name = CoursesView;
			sourceTree = "<group>";
		};
		26A4421215A93B0C00488EF1 /* RoomsView */ = {
			isa = PBXGroup;
			children = (
			);
			name = RoomsView;
			sourceTree = "<group>";
		};
		26A4421315A93B2900488EF1 /* ItsView */ = {
			isa = PBXGroup;
			children = (
				26A4421615A951CC00488EF1 /* NanbeigeItsViewController.h */,
				26A4421715A951CC00488EF1 /* NanbeigeItsViewController.m */,
			);
			name = ItsView;
			sourceTree = "<group>";
		};
		26A4421415A93B3400488EF1 /* CalendarView */ = {
			isa = PBXGroup;
			children = (
			);
			name = CalendarView;
			sourceTree = "<group>";
		};
		26A4421515A93B4000488EF1 /* FeedbackView */ = {
			isa = PBXGroup;
			children = (
			);
			name = FeedbackView;
			sourceTree = "<group>";
		};
		26F5BCC915A7FE810098879E = {
			isa = PBXGroup;
			children = (
				26F5BD0C15A80AB60098879E /* Resource */,
				26F5BCDE15A7FE820098879E /* Nanbeige */,
				26F5BCD715A7FE810098879E /* Frameworks */,
				26F5BCD515A7FE810098879E /* Products */,
			);
			sourceTree = "<group>";
		};
		26F5BCD515A7FE810098879E /* Products */ = {
			isa = PBXGroup;
			children = (
				26F5BCD415A7FE810098879E /* Nanbeige.app */,
			);
			name = Products;
			sourceTree = "<group>";
		};
		26F5BCD715A7FE810098879E /* Frameworks */ = {
			isa = PBXGroup;
			children = (
				26F5BCD815A7FE820098879E /* UIKit.framework */,
				26F5BCDA15A7FE820098879E /* Foundation.framework */,
				26F5BCDC15A7FE820098879E /* CoreGraphics.framework */,
			);
			name = Frameworks;
			sourceTree = "<group>";
		};
		26F5BCDE15A7FE820098879E /* Nanbeige */ = {
			isa = PBXGroup;
			children = (
				26A441CE15A821A800488EF1 /* MainView */,
				26A441D015A821CD00488EF1 /* StreamView */,
				26A441CF15A821C500488EF1 /* SettingsView */,
				26F5BCE715A7FE820098879E /* NanbeigeAppDelegate.h */,
				26F5BCE815A7FE820098879E /* NanbeigeAppDelegate.m */,
				26F5BCEA15A7FE820098879E /* MainStoryboard_iPhone.storyboard */,
				26F5BCED15A7FE820098879E /* MainStoryboard_iPad.storyboard */,
				26F5BCDF15A7FE820098879E /* Supporting Files */,
			);
			path = Nanbeige;
			sourceTree = "<group>";
		};
		26F5BCDF15A7FE820098879E /* Supporting Files */ = {
			isa = PBXGroup;
			children = (
				26F5BCE015A7FE820098879E /* Nanbeige-Info.plist */,
				26F5BCE115A7FE820098879E /* InfoPlist.strings */,
				26F5BCE415A7FE820098879E /* main.m */,
				26F5BCE615A7FE820098879E /* Nanbeige-Prefix.pch */,
			);
			name = "Supporting Files";
			sourceTree = "<group>";
		};
		26F5BD0C15A80AB60098879E /* Resource */ = {
			isa = PBXGroup;
			children = (
				26F5BD0D15A80AB60098879E /* 179-notepad.png */,
				26F5BD0E15A80AB60098879E /* 179-notepad@2x.png */,
				26F5BD0F15A80AB60098879E /* 180-stickynote.png */,
				26F5BD1015A80AB60098879E /* 180-stickynote@2x.png */,
				26F5BD1115A80AB60098879E /* 24-person.png */,
				26F5BD1215A80AB60098879E /* 24-person@2x.png */,
				26F5BD1315A80AB60098879E /* 256-box2.png */,
				26F5BD1415A80AB60098879E /* 256-box2@2x.png */,
				26F5BD1515A80AB60098879E /* 265-download.png */,
				26F5BD1615A80AB60098879E /* 265-download@2x.png */,
				26F5BD1715A80AB60098879E /* 37x-Checkmark.png */,
				26F5BD1815A80AB60098879E /* 38-house.png */,
				26F5BD1915A80AB60098879E /* 38-house@2x.png */,
				26F5BD1A15A80AB60098879E /* 96-book.png */,
				26F5BD1B15A80AB60098879E /* 96-book@2x.png */,
				26F5BD1C15A80AB60098879E /* assignment.png */,
				26F5BD1D15A80AB60098879E /* assignment@2x.png */,
				26F5BD1E15A80AB60098879E /* BarButton-bg-plain.png */,
				26F5BD1F15A80AB60098879E /* btn-back-normal.png */,
				26F5BD2015A80AB60098879E /* btn-back-normal@2x.png */,
				26F5BD2115A80AB60098879E /* btn-back-pressed.png */,
				26F5BD2215A80AB60098879E /* btn-back-pressed@2x.png */,
				26F5BD2315A80AB60098879E /* btn-blue-normal.png */,
				26F5BD2415A80AB60098879E /* btn-blue-normal@2x.png */,
				26F5BD2515A80AB60098879E /* btn-blue-pressed.png */,
				26F5BD2615A80AB60098879E /* btn-blue-pressed@2x.png */,
				26F5BD2715A80AB60098879E /* btn-its-1-highlighted.png */,
				26F5BD2815A80AB60098879E /* btn-its-1-highlighted@2x.png */,
				26F5BD2915A80AB60098879E /* btn-its-1-normal.png */,
				26F5BD2A15A80AB60098879E /* btn-its-1-normal@2x.png */,
				26F5BD2B15A80AB60098879E /* btn-its-2-highlighted.png */,
				26F5BD2C15A80AB60098879E /* btn-its-2-highlighted@2x.png */,
				26F5BD2D15A80AB60098879E /* btn-its-2-normal.png */,
				26F5BD2E15A80AB60098879E /* btn-its-2-normal@2x.png */,
				26F5BD2F15A80AB60098879E /* btn-its-3-highlighted.png */,
				26F5BD3015A80AB60098879E /* btn-its-3-highlighted@2x.png */,
				26F5BD3115A80AB60098879E /* btn-its-3-normal.png */,
				26F5BD3215A80AB60098879E /* btn-its-3-normal@2x.png */,
				26F5BD3315A80AB60098879E /* btn-normal.png */,
				26F5BD3415A80AB60098879E /* btn-normal@2x.png */,
				26F5BD3515A80AB60098879E /* btn-pressed.png */,
				26F5BD3615A80AB60098879E /* btn-pressed@2x.png */,
				26F5BD3715A80AB60098879E /* btn-segmented-divider.png */,
				26F5BD3815A80AB60098879E /* btn-segmented-divider@2x.png */,
				26F5BD3915A80AB60098879E /* button-1.png */,
				26F5BD3A15A80AB60098879E /* button-1@2x.png */,
				26F5BD3B15A80AB60098879E /* button-2.png */,
				26F5BD3C15A80AB60098879E /* button-2@2x.png */,
				26F5BD3D15A80AB60098879E /* button-3.png */,
				26F5BD3E15A80AB60098879E /* button-3@2x.png */,
				26F5BD3F15A80AB60098879E /* calendar-list-bg.png */,
				26F5BD4015A80AB60098879E /* calendar-list-bg@2x.png */,
				26F5BD4115A80AB60098879E /* calendar.png */,
				26F5BD4215A80AB60098879E /* calendar@2x.png */,
				26F5BD4315A80AB60098879E /* courses.png */,
				26F5BD4415A80AB60098879E /* courses@2x.png */,
				26F5BD4515A80AB60098879E /* current-bg.png */,
				26F5BD4615A80AB60098879E /* current-bg@2x.png */,
				26F5BD4715A80AB60098879E /* datebar-arrow-left-normal.png */,
				26F5BD4815A80AB60098879E /* datebar-arrow-left-normal@2x.png */,
				26F5BD4915A80AB60098879E /* datebar-arrow-left-pressed.png */,
				26F5BD4A15A80AB60098879E /* datebar-arrow-left-pressed@2x.png */,
				26F5BD4B15A80AB60098879E /* datebar-arrow-right-normal.png */,
				26F5BD4C15A80AB60098879E /* datebar-arrow-right-normal@2x.png */,
				26F5BD4D15A80AB60098879E /* datebar-arrow-right-pressed.png */,
				26F5BD4E15A80AB60098879E /* datebar-arrow-right-pressed@2x.png */,
				26F5BD4F15A80AB60098879E /* datebar.png */,
				26F5BD5015A80AB60098879E /* datebar@2x.png */,
				26F5BD5115A80AB60098879E /* Default.png */,
				26F5BD5215A80AB60098879E /* Default@2x.png */,
				26F5BD5315A80AB60098879E /* disclosure-indicator.png */,
				26F5BD5415A80AB60098879E /* disclosure-indicator@2x.png */,
				26F5BD5515A80AB60098879E /* discuss.png */,
				26F5BD5615A80AB60098879E /* discuss@2x.png */,
				26F5BD5715A80AB60098879E /* feedback.png */,
				26F5BD5815A80AB60098879E /* feedback@2x.png */,
				26F5BD5915A80AB60098879E /* free-rooms-filter-bar-bg.png */,
				26F5BD5A15A80AB60098879E /* free-rooms-filter-bar-bg@2x.png */,
				26F5BD5B15A80AB60098879E /* free-rooms-filter-bar-checkmark.png */,
				26F5BD5C15A80AB60098879E /* free-rooms-filter-bar-checkmark@2x.png */,
				26F5BD5D15A80AB60098879E /* free-rooms-free-regular.png */,
				26F5BD5E15A80AB60098879E /* free-rooms-free-regular@2x.png */,
				26F5BD5F15A80AB60098879E /* free-rooms-free-small.png */,
				26F5BD6015A80AB60098879E /* free-rooms-free-small@2.png */,
				26F5BD6115A80AB60098879E /* free-rooms-occupied-regular.png */,
				26F5BD6215A80AB60098879E /* free-rooms-occupied-regular@2x.png */,
				26F5BD6315A80AB60098879E /* free-rooms-occupied-small.png */,
				26F5BD6415A80AB60098879E /* free-rooms-occupied-small@2x.png */,
				26F5BD6515A80AB60098879E /* Icon-72.png */,
				26F5BD6615A80AB60098879E /* Icon-Small-50.png */,
				26F5BD6715A80AB60098879E /* Icon-Small.png */,
				26F5BD6815A80AB60098879E /* Icon-Small@2x.png */,
				26F5BD6915A80AB60098879E /* Icon.png */,
				26F5BD6A15A80AB60098879E /* Icon@2x.png */,
				26F5BD6B15A80AB60098879E /* its.png */,
				26F5BD6C15A80AB60098879E /* its@2x.png */,
				26F5BD6D15A80AB60098879E /* location-selected.png */,
				26F5BD6E15A80AB60098879E /* location-selected@2x.png */,
				26F5BD6F15A80AB60098879E /* location.png */,
				26F5BD7015A80AB60098879E /* location@2x.png */,
				26F5BD7115A80AB60098879E /* navbar-logotype.png */,
				26F5BD7215A80AB60098879E /* navbar-logotype@2x.png */,
				26F5BD7315A80AB60098879E /* navbar.png */,
				26F5BD7415A80AB60098879E /* navbar@2x.png */,
				26F5BD7515A80AB60098879E /* NavigationBar-bg.png */,
				26F5BD7615A80AB60098879E /* NavigationBar-bg@2x.png */,
				26F5BD7715A80AB60098879E /* notification-assignment.png */,
				26F5BD7815A80AB60098879E /* notification-assignment@2x.png */,
				26F5BD7915A80AB60098879E /* notification-calendar.png */,
				26F5BD7A15A80AB60098879E /* notification-calendar@2x.png */,
				26F5BD7B15A80AB60098879E /* notification-course.png */,
				26F5BD7C15A80AB60098879E /* notification-course@2x.png */,
				26F5BD7D15A80AB60098879E /* notification-current-assignment.png */,
				26F5BD7E15A80AB60098879E /* notification-current-assignment@2x.png */,
				26F5BD7F15A80AB60098879E /* notification-current-calendar.png */,
				26F5BD8015A80AB60098879E /* notification-current-calendar@2x.png */,
				26F5BD8115A80AB60098879E /* notification-current-course.png */,
				26F5BD8215A80AB60098879E /* notification-current-course@2x.png */,
				26F5BD8315A80AB60098879E /* notification-selected-assignment.png */,
				26F5BD8415A80AB60098879E /* notification-selected-assignment@2x.png */,
				26F5BD8515A80AB60098879E /* notification-selected-calendar.png */,
				26F5BD8615A80AB60098879E /* notification-selected-calendar@2x.png */,
				26F5BD8715A80AB60098879E /* notification-selected-course.png */,
				26F5BD8815A80AB60098879E /* notification-selected-course@2x.png */,
				26F5BD8915A80AB60098879E /* notification-title.png */,
				26F5BD8A15A80AB60098879E /* notification-title@2x.png */,
				26F5BD8B15A80AB60098879E /* rooms.png */,
				26F5BD8C15A80AB60098879E /* rooms@2x.png */,
				26F5BD8D15A80AB60098879E /* status-0.png */,
				26F5BD8E15A80AB60098879E /* status-0@2x.png */,
				26F5BD8F15A80AB60098879E /* status-1.png */,
				26F5BD9015A80AB60098879E /* status-1@2x.png */,
				26F5BD9115A80AB60098879E /* status-2.png */,
				26F5BD9215A80AB60098879E /* status-2@2x.png */,
				26F5BD9315A80AB60098879E /* status-3.png */,
				26F5BD9415A80AB60098879E /* status-3@2x.png */,
				26F5BD9515A80AB60098879E /* time-selected.png */,
				26F5BD9615A80AB60098879E /* time-selected@2x.png */,
				26F5BD9715A80AB60098879E /* time.png */,
				26F5BD9815A80AB60098879E /* time@2x.png */,
				26F5BD9915A80AB60098879E /* toolbar.png */,
				26F5BD9A15A80AB60098879E /* toolbar@2x.png */,
				26F5BD9B15A80AB60098879E /* welcome-bg.png */,
				26F5BD9C15A80AB60098879E /* welcome-bg@2x.png */,
				26F5BD9D15A80AB60098879E /* Welcome-button-active.png */,
				26F5BD9E15A80AB60098879E /* Welcome-button-active@2x.png */,
				26F5BD9F15A80AB60098879E /* Welcome-button.png */,
				26F5BDA015A80AB60098879E /* Welcome-button@2x.png */,
			);
			path = Resource;
			sourceTree = "<group>";
		};
/* End PBXGroup section */

/* Begin PBXNativeTarget section */
		26F5BCD315A7FE810098879E /* Nanbeige */ = {
			isa = PBXNativeTarget;
			buildConfigurationList = 26F5BD0015A7FE820098879E /* Build configuration list for PBXNativeTarget "Nanbeige" */;
			buildPhases = (
				26F5BCD015A7FE810098879E /* Sources */,
				26F5BCD115A7FE810098879E /* Frameworks */,
				26F5BCD215A7FE810098879E /* Resources */,
			);
			buildRules = (
			);
			dependencies = (
			);
			name = Nanbeige;
			productName = Nanbeige;
			productReference = 26F5BCD415A7FE810098879E /* Nanbeige.app */;
			productType = "com.apple.product-type.application";
		};
/* End PBXNativeTarget section */

/* Begin PBXProject section */
		26F5BCCB15A7FE810098879E /* Project object */ = {
			isa = PBXProject;
			attributes = {
				CLASSPREFIX = Nanbeige;
				LastUpgradeCheck = 0430;
				ORGANIZATIONNAME = "Peking University";
			};
			buildConfigurationList = 26F5BCCE15A7FE810098879E /* Build configuration list for PBXProject "Nanbeige" */;
			compatibilityVersion = "Xcode 3.2";
			developmentRegion = English;
			hasScannedForEncodings = 0;
			knownRegions = (
				en,
			);
			mainGroup = 26F5BCC915A7FE810098879E;
			productRefGroup = 26F5BCD515A7FE810098879E /* Products */;
			projectDirPath = "";
			projectRoot = "";
			targets = (
				26F5BCD315A7FE810098879E /* Nanbeige */,
			);
		};
/* End PBXProject section */

/* Begin PBXResourcesBuildPhase section */
		26F5BCD215A7FE810098879E /* Resources */ = {
			isa = PBXResourcesBuildPhase;
			buildActionMask = 2147483647;
			files = (
				26F5BCE315A7FE820098879E /* InfoPlist.strings in Resources */,
				26F5BCEC15A7FE820098879E /* MainStoryboard_iPhone.storyboard in Resources */,
				26F5BCEF15A7FE820098879E /* MainStoryboard_iPad.storyboard in Resources */,
				26F5BDA115A80AB60098879E /* 179-notepad.png in Resources */,
				26F5BDA215A80AB60098879E /* 179-notepad@2x.png in Resources */,
				26F5BDA315A80AB60098879E /* 180-stickynote.png in Resources */,
				26F5BDA415A80AB60098879E /* 180-stickynote@2x.png in Resources */,
				26F5BDA515A80AB60098879E /* 24-person.png in Resources */,
				26F5BDA615A80AB60098879E /* 24-person@2x.png in Resources */,
				26F5BDA715A80AB60098879E /* 256-box2.png in Resources */,
				26F5BDA815A80AB60098879E /* 256-box2@2x.png in Resources */,
				26F5BDA915A80AB60098879E /* 265-download.png in Resources */,
				26F5BDAA15A80AB60098879E /* 265-download@2x.png in Resources */,
				26F5BDAB15A80AB60098879E /* 37x-Checkmark.png in Resources */,
				26F5BDAC15A80AB60098879E /* 38-house.png in Resources */,
				26F5BDAD15A80AB60098879E /* 38-house@2x.png in Resources */,
				26F5BDAE15A80AB60098879E /* 96-book.png in Resources */,
				26F5BDAF15A80AB60098879E /* 96-book@2x.png in Resources */,
				26F5BDB015A80AB60098879E /* assignment.png in Resources */,
				26F5BDB115A80AB60098879E /* assignment@2x.png in Resources */,
				26F5BDB215A80AB60098879E /* BarButton-bg-plain.png in Resources */,
				26F5BDB315A80AB60098879E /* btn-back-normal.png in Resources */,
				26F5BDB415A80AB60098879E /* btn-back-normal@2x.png in Resources */,
				26F5BDB515A80AB60098879E /* btn-back-pressed.png in Resources */,
				26F5BDB615A80AB60098879E /* btn-back-pressed@2x.png in Resources */,
				26F5BDB715A80AB60098879E /* btn-blue-normal.png in Resources */,
				26F5BDB815A80AB60098879E /* btn-blue-normal@2x.png in Resources */,
				26F5BDB915A80AB60098879E /* btn-blue-pressed.png in Resources */,
				26F5BDBA15A80AB60098879E /* btn-blue-pressed@2x.png in Resources */,
				26F5BDBB15A80AB60098879E /* btn-its-1-highlighted.png in Resources */,
				26F5BDBC15A80AB60098879E /* btn-its-1-highlighted@2x.png in Resources */,
				26F5BDBD15A80AB60098879E /* btn-its-1-normal.png in Resources */,
				26F5BDBE15A80AB60098879E /* btn-its-1-normal@2x.png in Resources */,
				26F5BDBF15A80AB60098879E /* btn-its-2-highlighted.png in Resources */,
				26F5BDC015A80AB60098879E /* btn-its-2-highlighted@2x.png in Resources */,
				26F5BDC115A80AB60098879E /* btn-its-2-normal.png in Resources */,
				26F5BDC215A80AB60098879E /* btn-its-2-normal@2x.png in Resources */,
				26F5BDC315A80AB60098879E /* btn-its-3-highlighted.png in Resources */,
				26F5BDC415A80AB60098879E /* btn-its-3-highlighted@2x.png in Resources */,
				26F5BDC515A80AB60098879E /* btn-its-3-normal.png in Resources */,
				26F5BDC615A80AB60098879E /* btn-its-3-normal@2x.png in Resources */,
				26F5BDC715A80AB60098879E /* btn-normal.png in Resources */,
				26F5BDC815A80AB60098879E /* btn-normal@2x.png in Resources */,
				26F5BDC915A80AB60098879E /* btn-pressed.png in Resources */,
				26F5BDCA15A80AB60098879E /* btn-pressed@2x.png in Resources */,
				26F5BDCB15A80AB60098879E /* btn-segmented-divider.png in Resources */,
				26F5BDCC15A80AB60098879E /* btn-segmented-divider@2x.png in Resources */,
				26F5BDCD15A80AB60098879E /* button-1.png in Resources */,
				26F5BDCE15A80AB60098879E /* button-1@2x.png in Resources */,
				26F5BDCF15A80AB60098879E /* button-2.png in Resources */,
				26F5BDD015A80AB60098879E /* button-2@2x.png in Resources */,
				26F5BDD115A80AB60098879E /* button-3.png in Resources */,
				26F5BDD215A80AB60098879E /* button-3@2x.png in Resources */,
				26F5BDD315A80AB60098879E /* calendar-list-bg.png in Resources */,
				26F5BDD415A80AB60098879E /* calendar-list-bg@2x.png in Resources */,
				26F5BDD515A80AB60098879E /* calendar.png in Resources */,
				26F5BDD615A80AB60098879E /* calendar@2x.png in Resources */,
				26F5BDD715A80AB60098879E /* courses.png in Resources */,
				26F5BDD815A80AB60098879E /* courses@2x.png in Resources */,
				26F5BDD915A80AB60098879E /* current-bg.png in Resources */,
				26F5BDDA15A80AB60098879E /* current-bg@2x.png in Resources */,
				26F5BDDB15A80AB60098879E /* datebar-arrow-left-normal.png in Resources */,
				26F5BDDC15A80AB60098879E /* datebar-arrow-left-normal@2x.png in Resources */,
				26F5BDDD15A80AB60098879E /* datebar-arrow-left-pressed.png in Resources */,
				26F5BDDE15A80AB60098879E /* datebar-arrow-left-pressed@2x.png in Resources */,
				26F5BDDF15A80AB60098879E /* datebar-arrow-right-normal.png in Resources */,
				26F5BDE015A80AB60098879E /* datebar-arrow-right-normal@2x.png in Resources */,
				26F5BDE115A80AB60098879E /* datebar-arrow-right-pressed.png in Resources */,
				26F5BDE215A80AB60098879E /* datebar-arrow-right-pressed@2x.png in Resources */,
				26F5BDE315A80AB60098879E /* datebar.png in Resources */,
				26F5BDE415A80AB60098879E /* datebar@2x.png in Resources */,
				26F5BDE515A80AB60098879E /* Default.png in Resources */,
				26F5BDE615A80AB60098879E /* Default@2x.png in Resources */,
				26F5BDE715A80AB60098879E /* disclosure-indicator.png in Resources */,
				26F5BDE815A80AB60098879E /* disclosure-indicator@2x.png in Resources */,
				26F5BDE915A80AB60098879E /* discuss.png in Resources */,
				26F5BDEA15A80AB60098879E /* discuss@2x.png in Resources */,
				26F5BDEB15A80AB60098879E /* feedback.png in Resources */,
				26F5BDEC15A80AB60098879E /* feedback@2x.png in Resources */,
				26F5BDED15A80AB60098879E /* free-rooms-filter-bar-bg.png in Resources */,
				26F5BDEE15A80AB60098879E /* free-rooms-filter-bar-bg@2x.png in Resources */,
				26F5BDEF15A80AB60098879E /* free-rooms-filter-bar-checkmark.png in Resources */,
				26F5BDF015A80AB60098879E /* free-rooms-filter-bar-checkmark@2x.png in Resources */,
				26F5BDF115A80AB60098879E /* free-rooms-free-regular.png in Resources */,
				26F5BDF215A80AB60098879E /* free-rooms-free-regular@2x.png in Resources */,
				26F5BDF315A80AB60098879E /* free-rooms-free-small.png in Resources */,
				26F5BDF415A80AB60098879E /* free-rooms-free-small@2.png in Resources */,
				26F5BDF515A80AB60098879E /* free-rooms-occupied-regular.png in Resources */,
				26F5BDF615A80AB60098879E /* free-rooms-occupied-regular@2x.png in Resources */,
				26F5BDF715A80AB60098879E /* free-rooms-occupied-small.png in Resources */,
				26F5BDF815A80AB60098879E /* free-rooms-occupied-small@2x.png in Resources */,
				26F5BDF915A80AB60098879E /* Icon-72.png in Resources */,
				26F5BDFA15A80AB60098879E /* Icon-Small-50.png in Resources */,
				26F5BDFB15A80AB60098879E /* Icon-Small.png in Resources */,
				26F5BDFC15A80AB60098879E /* Icon-Small@2x.png in Resources */,
				26F5BDFD15A80AB60098879E /* Icon.png in Resources */,
				26F5BDFE15A80AB60098879E /* Icon@2x.png in Resources */,
				26F5BDFF15A80AB60098879E /* its.png in Resources */,
				26F5BE0015A80AB60098879E /* its@2x.png in Resources */,
				26F5BE0115A80AB60098879E /* location-selected.png in Resources */,
				26F5BE0215A80AB60098879E /* location-selected@2x.png in Resources */,
				26F5BE0315A80AB60098879E /* location.png in Resources */,
				26F5BE0415A80AB60098879E /* location@2x.png in Resources */,
				26F5BE0515A80AB60098879E /* navbar-logotype.png in Resources */,
				26F5BE0615A80AB60098879E /* navbar-logotype@2x.png in Resources */,
				26F5BE0715A80AB60098879E /* navbar.png in Resources */,
				26F5BE0815A80AB60098879E /* navbar@2x.png in Resources */,
				26F5BE0915A80AB60098879E /* NavigationBar-bg.png in Resources */,
				26F5BE0A15A80AB60098879E /* NavigationBar-bg@2x.png in Resources */,
				26F5BE0B15A80AB60098879E /* notification-assignment.png in Resources */,
				26F5BE0C15A80AB60098879E /* notification-assignment@2x.png in Resources */,
				26F5BE0D15A80AB60098879E /* notification-calendar.png in Resources */,
				26F5BE0E15A80AB60098879E /* notification-calendar@2x.png in Resources */,
				26F5BE0F15A80AB60098879E /* notification-course.png in Resources */,
				26F5BE1015A80AB60098879E /* notification-course@2x.png in Resources */,
				26F5BE1115A80AB60098879E /* notification-current-assignment.png in Resources */,
				26F5BE1215A80AB60098879E /* notification-current-assignment@2x.png in Resources */,
				26F5BE1315A80AB60098879E /* notification-current-calendar.png in Resources */,
				26F5BE1415A80AB60098879E /* notification-current-calendar@2x.png in Resources */,
				26F5BE1515A80AB60098879E /* notification-current-course.png in Resources */,
				26F5BE1615A80AB60098879E /* notification-current-course@2x.png in Resources */,
				26F5BE1715A80AB60098879E /* notification-selected-assignment.png in Resources */,
				26F5BE1815A80AB60098879E /* notification-selected-assignment@2x.png in Resources */,
				26F5BE1915A80AB60098879E /* notification-selected-calendar.png in Resources */,
				26F5BE1A15A80AB60098879E /* notification-selected-calendar@2x.png in Resources */,
				26F5BE1B15A80AB60098879E /* notification-selected-course.png in Resources */,
				26F5BE1C15A80AB60098879E /* notification-selected-course@2x.png in Resources */,
				26F5BE1D15A80AB60098879E /* notification-title.png in Resources */,
				26F5BE1E15A80AB60098879E /* notification-title@2x.png in Resources */,
				26F5BE1F15A80AB60098879E /* rooms.png in Resources */,
				26F5BE2015A80AB60098879E /* rooms@2x.png in Resources */,
				26F5BE2115A80AB60098879E /* status-0.png in Resources */,
				26F5BE2215A80AB60098879E /* status-0@2x.png in Resources */,
				26F5BE2315A80AB60098879E /* status-1.png in Resources */,
				26F5BE2415A80AB60098879E /* status-1@2x.png in Resources */,
				26F5BE2515A80AB60098879E /* status-2.png in Resources */,
				26F5BE2615A80AB60098879E /* status-2@2x.png in Resources */,
				26F5BE2715A80AB60098879E /* status-3.png in Resources */,
				26F5BE2815A80AB60098879E /* status-3@2x.png in Resources */,
				26F5BE2915A80AB60098879E /* time-selected.png in Resources */,
				26F5BE2A15A80AB60098879E /* time-selected@2x.png in Resources */,
				26F5BE2B15A80AB60098879E /* time.png in Resources */,
				26F5BE2C15A80AB60098879E /* time@2x.png in Resources */,
				26F5BE2D15A80AB60098879E /* toolbar.png in Resources */,
				26F5BE2E15A80AB60098879E /* toolbar@2x.png in Resources */,
				26F5BE2F15A80AB60098879E /* welcome-bg.png in Resources */,
				26F5BE3015A80AB60098879E /* welcome-bg@2x.png in Resources */,
				26F5BE3115A80AB60098879E /* Welcome-button-active.png in Resources */,
				26F5BE3215A80AB60098879E /* Welcome-button-active@2x.png in Resources */,
				26F5BE3315A80AB60098879E /* Welcome-button.png in Resources */,
				26F5BE3415A80AB60098879E /* Welcome-button@2x.png in Resources */,
			);
			runOnlyForDeploymentPostprocessing = 0;
		};
/* End PBXResourcesBuildPhase section */

/* Begin PBXSourcesBuildPhase section */
		26F5BCD015A7FE810098879E /* Sources */ = {
			isa = PBXSourcesBuildPhase;
			buildActionMask = 2147483647;
			files = (
				26F5BCE515A7FE820098879E /* main.m in Sources */,
				26F5BCE915A7FE820098879E /* NanbeigeAppDelegate.m in Sources */,
				26F5BD0815A802050098879E /* NanbeigeStreamViewController.m in Sources */,
				26F5BD0B15A8021A0098879E /* NanbeigeMainViewController.m in Sources */,
				26A441CD15A8219C00488EF1 /* NanbeigeMainCell.m in Sources */,
				26A4421815A951CC00488EF1 /* NanbeigeItsViewController.m in Sources */,
				26A4422215A97F5900488EF1 /* NanbeigeSettingsViewController.m in Sources */,
			);
			runOnlyForDeploymentPostprocessing = 0;
		};
/* End PBXSourcesBuildPhase section */

/* Begin PBXVariantGroup section */
		26F5BCE115A7FE820098879E /* InfoPlist.strings */ = {
			isa = PBXVariantGroup;
			children = (
				26F5BCE215A7FE820098879E /* en */,
			);
			name = InfoPlist.strings;
			sourceTree = "<group>";
		};
		26F5BCEA15A7FE820098879E /* MainStoryboard_iPhone.storyboard */ = {
			isa = PBXVariantGroup;
			children = (
				26F5BCEB15A7FE820098879E /* en */,
			);
			name = MainStoryboard_iPhone.storyboard;
			sourceTree = "<group>";
		};
		26F5BCED15A7FE820098879E /* MainStoryboard_iPad.storyboard */ = {
			isa = PBXVariantGroup;
			children = (
				26F5BCEE15A7FE820098879E /* en */,
			);
			name = MainStoryboard_iPad.storyboard;
			sourceTree = "<group>";
		};
/* End PBXVariantGroup section */

/* Begin XCBuildConfiguration section */
		26F5BCFE15A7FE820098879E /* Debug */ = {
			isa = XCBuildConfiguration;
			buildSettings = {
				ALWAYS_SEARCH_USER_PATHS = NO;
				ARCHS = "$(ARCHS_STANDARD_32_BIT)";
				CLANG_ENABLE_OBJC_ARC = YES;
				CODE_SIGN_IDENTITY = "iPhone Distribution: ZHANG Ta";
				"CODE_SIGN_IDENTITY[sdk=iphoneos*]" = "iPhone Developer";
				COPY_PHASE_STRIP = NO;
				GCC_C_LANGUAGE_STANDARD = gnu99;
				GCC_DYNAMIC_NO_PIC = NO;
				GCC_OPTIMIZATION_LEVEL = 0;
				GCC_PREPROCESSOR_DEFINITIONS = (
					"DEBUG=1",
					"$(inherited)",
				);
				GCC_SYMBOLS_PRIVATE_EXTERN = NO;
				GCC_VERSION = com.apple.compilers.llvm.clang.1_0;
				GCC_WARN_ABOUT_RETURN_TYPE = YES;
				GCC_WARN_UNINITIALIZED_AUTOS = YES;
				GCC_WARN_UNUSED_VARIABLE = YES;
				IPHONEOS_DEPLOYMENT_TARGET = 5.0;
				PROVISIONING_PROFILE = "664C710C-BD97-464A-9985-A717AF435109";
				SDKROOT = iphoneos;
				TARGETED_DEVICE_FAMILY = "1,2";
			};
			name = Debug;
		};
		26F5BCFF15A7FE820098879E /* Release */ = {
			isa = XCBuildConfiguration;
			buildSettings = {
				ALWAYS_SEARCH_USER_PATHS = NO;
				ARCHS = "$(ARCHS_STANDARD_32_BIT)";
				CLANG_ENABLE_OBJC_ARC = YES;
				CODE_SIGN_IDENTITY = "iPhone Developer: PKU CADA (2FQB5YJ958)";
				"CODE_SIGN_IDENTITY[sdk=iphoneos*]" = "iPhone Developer";
				COPY_PHASE_STRIP = YES;
				GCC_C_LANGUAGE_STANDARD = gnu99;
				GCC_VERSION = com.apple.compilers.llvm.clang.1_0;
				GCC_WARN_ABOUT_RETURN_TYPE = YES;
				GCC_WARN_UNINITIALIZED_AUTOS = YES;
				GCC_WARN_UNUSED_VARIABLE = YES;
				IPHONEOS_DEPLOYMENT_TARGET = 5.0;
				OTHER_CFLAGS = "-DNS_BLOCK_ASSERTIONS=1";
				PROVISIONING_PROFILE = "FFD416F9-8382-4AFE-B04E-3335BF06E4A9";
				SDKROOT = iphoneos;
				TARGETED_DEVICE_FAMILY = "1,2";
				VALIDATE_PRODUCT = YES;
			};
			name = Release;
		};
		26F5BD0115A7FE820098879E /* Debug */ = {
			isa = XCBuildConfiguration;
			buildSettings = {
				GCC_PRECOMPILE_PREFIX_HEADER = YES;
				GCC_PREFIX_HEADER = "Nanbeige/Nanbeige-Prefix.pch";
				INFOPLIST_FILE = "Nanbeige/Nanbeige-Info.plist";
				IPHONEOS_DEPLOYMENT_TARGET = 5.0;
				PRODUCT_NAME = "$(TARGET_NAME)";
				WRAPPER_EXTENSION = app;
			};
			name = Debug;
		};
		26F5BD0215A7FE820098879E /* Release */ = {
			isa = XCBuildConfiguration;
			buildSettings = {
				GCC_PRECOMPILE_PREFIX_HEADER = YES;
				GCC_PREFIX_HEADER = "Nanbeige/Nanbeige-Prefix.pch";
				INFOPLIST_FILE = "Nanbeige/Nanbeige-Info.plist";
				IPHONEOS_DEPLOYMENT_TARGET = 5.0;
				PRODUCT_NAME = "$(TARGET_NAME)";
				WRAPPER_EXTENSION = app;
			};
			name = Release;
		};
/* End XCBuildConfiguration section */

/* Begin XCConfigurationList section */
		26F5BCCE15A7FE810098879E /* Build configuration list for PBXProject "Nanbeige" */ = {
			isa = XCConfigurationList;
			buildConfigurations = (
				26F5BCFE15A7FE820098879E /* Debug */,
				26F5BCFF15A7FE820098879E /* Release */,
			);
			defaultConfigurationIsVisible = 0;
			defaultConfigurationName = Release;
		};
		26F5BD0015A7FE820098879E /* Build configuration list for PBXNativeTarget "Nanbeige" */ = {
			isa = XCConfigurationList;
			buildConfigurations = (
				26F5BD0115A7FE820098879E /* Debug */,
				26F5BD0215A7FE820098879E /* Release */,
			);
			defaultConfigurationIsVisible = 0;
			defaultConfigurationName = Release;
		};
/* End XCConfigurationList section */
	};
	rootObject = 26F5BCCB15A7FE810098879E /* Project object */;
}
